<?xml version="1.0" encoding="utf-8"?>
<Project ToolsVersion="4.0" xmlns="http://schemas.microsoft.com/developer/msbuild/2003">
  <ItemGroup>
    <Filter Include="Generated Files">
      <UniqueIdentifier>{71ED8ED8-ACB9-4CE9-BBE1-E00B30144E11}</UniqueIdentifier>
      <Extensions>cpp;c;cxx;moc;h;def;odl;idl;res;</Extensions>
    </Filter>
    <Filter Include="Generated Files">
      <UniqueIdentifier>{71ED8ED8-ACB9-4CE9-BBE1-E00B30144E11}</UniqueIdentifier>
      <Extensions>cpp;c;cxx;moc;h;def;odl;idl;res;</Extensions>
    </Filter>
    <Filter Include="Header Files">
      <UniqueIdentifier>{93995380-89BD-4b04-88EB-625FBE52EBFB}</UniqueIdentifier>
      <Extensions>h;hpp;hxx;hm;inl;inc;xsd</Extensions>
    </Filter>
    <Filter Include="Header Files">
      <UniqueIdentifier>{93995380-89BD-4b04-88EB-625FBE52EBFB}</UniqueIdentifier>
      <Extensions>h;hpp;hxx;hm;inl;inc;xsd</Extensions>
    </Filter>
    <Filter Include="Source Files">
      <UniqueIdentifier>{4FC737F1-C7A5-4376-A066-2A32D752A2FF}</UniqueIdentifier>
      <Extensions>cpp;c;cxx;def;odl;idl;hpj;bat;asm;asmx</Extensions>
    </Filter>
    <Filter Include="Source Files">
      <UniqueIdentifier>{4FC737F1-C7A5-4376-A066-2A32D752A2FF}</UniqueIdentifier>
      <Extensions>cpp;c;cxx;def;odl;idl;hpj;bat;asm;asmx</Extensions>
    </Filter>
    <Filter Include="Generated Files\Debug">
      <UniqueIdentifier>{27405c14-4aaa-4a02-b492-d617de66b13d}</UniqueIdentifier>
      <Extensions>cpp;moc</Extensions>
      <SourceControlFiles>False</SourceControlFiles>
    </Filter>
    <Filter Include="Generated Files\Release">
      <UniqueIdentifier>{1e323dcd-1c5c-49a8-9320-5d9f00929ba0}</UniqueIdentifier>
      <Extensions>cpp;moc</Extensions>
      <SourceControlFiles>False</SourceControlFiles>
    </Filter>
  </ItemGroup>
  <ItemGroup>
    <ClCompile Include="Lib.cpp">
      <Filter>Source Files</Filter>
    </ClCompile>
    <ClCompile Include="..\..\..\Scratch\MSVC-Build\Banana\QtAppHelpers\Debug\moc_OpenGLWidget.cpp">
      <Filter>Generated Files\Debug</Filter>
    </ClCompile>
    <ClCompile Include="..\..\..\Scratch\MSVC-Build\Banana\QtAppHelpers\Release\moc_OpenGLWidget.cpp">
      <Filter>Generated Files\Release</Filter>
    </ClCompile>
    <ClCompile Include="..\..\..\Scratch\MSVC-Build\Banana\QtAppHelpers\Debug\moc_OpenGLMainWindow.cpp">
      <Filter>Generated Files\Debug</Filter>
    </ClCompile>
    <ClCompile Include="..\..\..\Scratch\MSVC-Build\Banana\QtAppHelpers\Release\moc_OpenGLMainWindow.cpp">
      <Filter>Generated Files\Release</Filter>
    </ClCompile>
    <ClCompile Include="..\..\..\Scratch\MSVC-Build\Banana\QtAppHelpers\Debug\moc_ColorSelector.cpp">
      <Filter>Generated Files\Debug</Filter>
    </ClCompile>
    <ClCompile Include="..\..\..\Scratch\MSVC-Build\Banana\QtAppHelpers\Release\moc_ColorSelector.cpp">
      <Filter>Generated Files\Release</Filter>
    </ClCompile>
    <ClCompile Include="..\..\..\Scratch\MSVC-Build\Banana\QtAppHelpers\Debug\moc_AvgTimer.cpp">
      <Filter>Generated Files\Debug</Filter>
    </ClCompile>
    <ClCompile Include="..\..\..\Scratch\MSVC-Build\Banana\QtAppHelpers\Release\moc_AvgTimer.cpp">
      <Filter>Generated Files\Release</Filter>
    </ClCompile>
  </ItemGroup>
  <ItemGroup>
    <ClInclude Include="Include\QtAppHelpers\AntTweakBarWrapper.h">
      <Filter>Header Files</Filter>
    </ClInclude>
    <CustomBuild Include="Include\QtAppHelpers\AvgTimer.h">
      <Filter>Header Files</Filter>
    </CustomBuild>
    <CustomBuild Include="Include\QtAppHelpers\ColorSelector.h">
      <Filter>Header Files</Filter>
    </CustomBuild>
    <ClInclude Include="Include\QtAppHelpers\DeviceToLogical.h">
      <Filter>Header Files</Filter>
    </ClInclude>
    <CustomBuild Include="Include\QtAppHelpers\OpenGLMainWindow.h">
      <Filter>Header Files</Filter>
    </CustomBuild>
    <CustomBuild Include="Include\QtAppHelpers\OpenGLWidget.h">
      <Filter>Header Files</Filter>
    </CustomBuild>
    <ClInclude Include="Include\QtAppHelpers\QtAppMacros.h">
      <Filter>Header Files</Filter>
    </ClInclude>
    <ClInclude Include="Include\QtAppHelpers\QtAppShader.h">
      <Filter>Header Files</Filter>
    </ClInclude>
  </ItemGroup>
</Project>