<?xml version="1.0" encoding="utf-8"?>
<Project ToolsVersion="4.0" xmlns="http://schemas.microsoft.com/developer/msbuild/2003">
  <ItemGroup>
    <Filter Include="Generated Files">
      <UniqueIdentifier>{71ED8ED8-ACB9-4CE9-BBE1-E00B30144E11}</UniqueIdentifier>
      <Extensions>cpp;c;cxx;moc;h;def;odl;idl;res;</Extensions>
    </Filter>
    <Filter Include="Generated Files">
      <UniqueIdentifier>{71ED8ED8-ACB9-4CE9-BBE1-E00B30144E11}</UniqueIdentifier>
      <Extensions>cpp;c;cxx;moc;h;def;odl;idl;res;</Extensions>
    </Filter>
    <Filter Include="Header Files">
      <UniqueIdentifier>{93995380-89BD-4b04-88EB-625FBE52EBFB}</UniqueIdentifier>
      <Extensions>h;hpp;hxx;hm;inl;inc;xsd</Extensions>
    </Filter>
    <Filter Include="Header Files">
      <UniqueIdentifier>{93995380-89BD-4b04-88EB-625FBE52EBFB}</UniqueIdentifier>
      <Extensions>h;hpp;hxx;hm;inl;inc;xsd</Extensions>
    </Filter>
    <Filter Include="Source Files">
      <UniqueIdentifier>{4FC737F1-C7A5-4376-A066-2A32D752A2FF}</UniqueIdentifier>
      <Extensions>cpp;c;cxx;def;odl;idl;hpj;bat;asm;asmx</Extensions>
    </Filter>
    <Filter Include="Source Files">
      <UniqueIdentifier>{4FC737F1-C7A5-4376-A066-2A32D752A2FF}</UniqueIdentifier>
      <Extensions>cpp;c;cxx;def;odl;idl;hpj;bat;asm;asmx</Extensions>
    </Filter>
    <Filter Include="Generated Files\Debug">
      <UniqueIdentifier>{04378b73-7aeb-4cd3-bd67-64c5cb102ff3}</UniqueIdentifier>
      <Extensions>cpp;moc</Extensions>
      <SourceControlFiles>False</SourceControlFiles>
    </Filter>
    <Filter Include="Generated Files\Release">
      <UniqueIdentifier>{31f82ea2-de29-4944-a90f-7222ba91a215}</UniqueIdentifier>
      <Extensions>cpp;moc</Extensions>
      <SourceControlFiles>False</SourceControlFiles>
    </Filter>
    <Filter Include="Generated Files\DebugQt">
      <UniqueIdentifier>{8419079a-baf2-4394-be01-c30cd04f9c69}</UniqueIdentifier>
      <Extensions>cpp;moc</Extensions>
      <SourceControlFiles>False</SourceControlFiles>
    </Filter>
    <Filter Include="Generated Files\ReleaseQt">
      <UniqueIdentifier>{ea392039-1279-4def-ac76-15d39660dc9a}</UniqueIdentifier>
      <Extensions>cpp;moc</Extensions>
      <SourceControlFiles>False</SourceControlFiles>
    </Filter>
  </ItemGroup>
  <ItemGroup>
    <ClCompile Include="Source\AntTweakBarWrapper.cpp">
      <Filter>Source Files</Filter>
    </ClCompile>
    <ClCompile Include="Source\AvgTimer.cpp">
      <Filter>Source Files</Filter>
    </ClCompile>
    <ClCompile Include="Source\BrowsePathWidget.cpp">
      <Filter>Source Files</Filter>
    </ClCompile>
    <ClCompile Include="Source\EnhancedComboBox.cpp">
      <Filter>Source Files</Filter>
    </ClCompile>
	<ClCompile Include="Source\EnhancedMessageBox.cpp">
      <Filter>Source Files</Filter>
    </ClCompile>
    <ClCompile Include="Source\EnhancedSlider.cpp">
      <Filter>Source Files</Filter>
    </ClCompile>
    <ClCompile Include="Source\FPSCounter.cpp">
      <Filter>Source Files</Filter>
    </ClCompile>
    <ClCompile Include="Source\OpenGLMainWindow.cpp">
      <Filter>Source Files</Filter>
    </ClCompile>
    <ClCompile Include="Source\OpenGLWidget.cpp">
      <Filter>Source Files</Filter>
    </ClCompile>
    <ClCompile Include="..\..\..\Scratch\MSVC-Build\Banana\QtAppHelpers\DebugQt\moc_AvgTimer.cpp">
      <Filter>Generated Files\DebugQt</Filter>
    </ClCompile>
    <ClCompile Include="..\..\..\Scratch\MSVC-Build\Banana\QtAppHelpers\Debug\moc_AvgTimer.cpp">
      <Filter>Generated Files\Debug</Filter>
    </ClCompile>
    <ClCompile Include="..\..\..\Scratch\MSVC-Build\Banana\QtAppHelpers\Release\moc_AvgTimer.cpp">
      <Filter>Generated Files\Release</Filter>
    </ClCompile>
    <ClCompile Include="..\..\..\Scratch\MSVC-Build\Banana\QtAppHelpers\ReleaseQt\moc_AvgTimer.cpp">
      <Filter>Generated Files\ReleaseQt</Filter>
    </ClCompile>
    <ClCompile Include="..\..\..\Scratch\MSVC-Build\Banana\QtAppHelpers\DebugQt\moc_BrowsePathWidget.cpp">
      <Filter>Generated Files\DebugQt</Filter>
    </ClCompile>
    <ClCompile Include="..\..\..\Scratch\MSVC-Build\Banana\QtAppHelpers\Debug\moc_BrowsePathWidget.cpp">
      <Filter>Generated Files\Debug</Filter>
    </ClCompile>
    <ClCompile Include="..\..\..\Scratch\MSVC-Build\Banana\QtAppHelpers\Release\moc_BrowsePathWidget.cpp">
      <Filter>Generated Files\Release</Filter>
    </ClCompile>
    <ClCompile Include="..\..\..\Scratch\MSVC-Build\Banana\QtAppHelpers\ReleaseQt\moc_BrowsePathWidget.cpp">
      <Filter>Generated Files\ReleaseQt</Filter>
    </ClCompile>
    <ClCompile Include="..\..\..\Scratch\MSVC-Build\Banana\QtAppHelpers\DebugQt\moc_EnhancedComboBox.cpp">
      <Filter>Generated Files\DebugQt</Filter>
    </ClCompile>
    <ClCompile Include="..\..\..\Scratch\MSVC-Build\Banana\QtAppHelpers\Debug\moc_EnhancedComboBox.cpp">
      <Filter>Generated Files\Debug</Filter>
    </ClCompile>
    <ClCompile Include="..\..\..\Scratch\MSVC-Build\Banana\QtAppHelpers\Release\moc_EnhancedComboBox.cpp">
      <Filter>Generated Files\Release</Filter>
    </ClCompile>
    <ClCompile Include="..\..\..\Scratch\MSVC-Build\Banana\QtAppHelpers\ReleaseQt\moc_EnhancedComboBox.cpp">
      <Filter>Generated Files\ReleaseQt</Filter>
    </ClCompile>
	<ClCompile Include="..\..\..\Scratch\MSVC-Build\Banana\QtAppHelpers\DebugQt\moc_EnhancedMessageBox.cpp">
      <Filter>Generated Files\DebugQt</Filter>
    </ClCompile>
    <ClCompile Include="..\..\..\Scratch\MSVC-Build\Banana\QtAppHelpers\Debug\moc_EnhancedMessageBox.cpp">
      <Filter>Generated Files\Debug</Filter>
    </ClCompile>
    <ClCompile Include="..\..\..\Scratch\MSVC-Build\Banana\QtAppHelpers\Release\moc_EnhancedMessageBox.cpp">
      <Filter>Generated Files\Release</Filter>
    </ClCompile>
    <ClCompile Include="..\..\..\Scratch\MSVC-Build\Banana\QtAppHelpers\ReleaseQt\moc_EnhancedMessageBox.cpp">
      <Filter>Generated Files\ReleaseQt</Filter>
    </ClCompile>
    <ClCompile Include="..\..\..\Scratch\MSVC-Build\Banana\QtAppHelpers\DebugQt\moc_EnhancedSlider.cpp">
      <Filter>Generated Files\DebugQt</Filter>
    </ClCompile>
    <ClCompile Include="..\..\..\Scratch\MSVC-Build\Banana\QtAppHelpers\Debug\moc_EnhancedSlider.cpp">
      <Filter>Generated Files\Debug</Filter>
    </ClCompile>
    <ClCompile Include="..\..\..\Scratch\MSVC-Build\Banana\QtAppHelpers\Release\moc_EnhancedSlider.cpp">
      <Filter>Generated Files\Release</Filter>
    </ClCompile>
    <ClCompile Include="..\..\..\Scratch\MSVC-Build\Banana\QtAppHelpers\ReleaseQt\moc_EnhancedSlider.cpp">
      <Filter>Generated Files\ReleaseQt</Filter>
    </ClCompile>
    <ClCompile Include="..\..\..\Scratch\MSVC-Build\Banana\QtAppHelpers\DebugQt\moc_FPSCounter.cpp">
      <Filter>Generated Files\DebugQt</Filter>
    </ClCompile>
    <ClCompile Include="..\..\..\Scratch\MSVC-Build\Banana\QtAppHelpers\Debug\moc_FPSCounter.cpp">
      <Filter>Generated Files\Debug</Filter>
    </ClCompile>
    <ClCompile Include="..\..\..\Scratch\MSVC-Build\Banana\QtAppHelpers\Release\moc_FPSCounter.cpp">
      <Filter>Generated Files\Release</Filter>
    </ClCompile>
    <ClCompile Include="..\..\..\Scratch\MSVC-Build\Banana\QtAppHelpers\ReleaseQt\moc_FPSCounter.cpp">
      <Filter>Generated Files\ReleaseQt</Filter>
    </ClCompile>
    <ClCompile Include="..\..\..\Scratch\MSVC-Build\Banana\QtAppHelpers\DebugQt\moc_OpenGLMainWindow.cpp">
      <Filter>Generated Files\DebugQt</Filter>
    </ClCompile>
    <ClCompile Include="..\..\..\Scratch\MSVC-Build\Banana\QtAppHelpers\Debug\moc_OpenGLMainWindow.cpp">
      <Filter>Generated Files\Debug</Filter>
    </ClCompile>
    <ClCompile Include="..\..\..\Scratch\MSVC-Build\Banana\QtAppHelpers\Release\moc_OpenGLMainWindow.cpp">
      <Filter>Generated Files\Release</Filter>
    </ClCompile>
    <ClCompile Include="..\..\..\Scratch\MSVC-Build\Banana\QtAppHelpers\ReleaseQt\moc_OpenGLMainWindow.cpp">
      <Filter>Generated Files\ReleaseQt</Filter>
    </ClCompile>
    <ClCompile Include="..\..\..\Scratch\MSVC-Build\Banana\QtAppHelpers\DebugQt\moc_OpenGLWidget.cpp">
      <Filter>Generated Files\DebugQt</Filter>
    </ClCompile>
    <ClCompile Include="..\..\..\Scratch\MSVC-Build\Banana\QtAppHelpers\Debug\moc_OpenGLWidget.cpp">
      <Filter>Generated Files\Debug</Filter>
    </ClCompile>
    <ClCompile Include="..\..\..\Scratch\MSVC-Build\Banana\QtAppHelpers\Release\moc_OpenGLWidget.cpp">
      <Filter>Generated Files\Release</Filter>
    </ClCompile>
    <ClCompile Include="..\..\..\Scratch\MSVC-Build\Banana\QtAppHelpers\ReleaseQt\moc_OpenGLWidget.cpp">
      <Filter>Generated Files\ReleaseQt</Filter>
    </ClCompile>
    <ClCompile Include="Source\QtAppShaderProgram.cpp">
      <Filter>Source Files</Filter>
    </ClCompile>
    <ClCompile Include="..\..\..\Scratch\MSVC-Build\Banana\QtAppHelpers\DebugQt\moc_OpenGLWidgetTestRender.cpp">
      <Filter>Generated Files\DebugQt</Filter>
    </ClCompile>
    <ClCompile Include="..\..\..\Scratch\MSVC-Build\Banana\QtAppHelpers\Debug\moc_OpenGLWidgetTestRender.cpp">
      <Filter>Generated Files\Debug</Filter>
    </ClCompile>
    <ClCompile Include="..\..\..\Scratch\MSVC-Build\Banana\QtAppHelpers\Release\moc_OpenGLWidgetTestRender.cpp">
      <Filter>Generated Files\Release</Filter>
    </ClCompile>
    <ClCompile Include="..\..\..\Scratch\MSVC-Build\Banana\QtAppHelpers\ReleaseQt\moc_OpenGLWidgetTestRender.cpp">
      <Filter>Generated Files\ReleaseQt</Filter>
    </ClCompile>
    <ClCompile Include="Source\OpenGLWidgetTestRender.cpp">
      <Filter>Source Files</Filter>
    </ClCompile>
    <ClCompile Include="..\..\..\Scratch\MSVC-Build\Banana\QtAppHelpers\DebugQt\moc_MaterialSelector.cpp">
      <Filter>Generated Files\DebugQt</Filter>
    </ClCompile>
    <ClCompile Include="..\..\..\Scratch\MSVC-Build\Banana\QtAppHelpers\Debug\moc_MaterialSelector.cpp">
      <Filter>Generated Files\Debug</Filter>
    </ClCompile>
    <ClCompile Include="..\..\..\Scratch\MSVC-Build\Banana\QtAppHelpers\Release\moc_MaterialSelector.cpp">
      <Filter>Generated Files\Release</Filter>
    </ClCompile>
    <ClCompile Include="..\..\..\Scratch\MSVC-Build\Banana\QtAppHelpers\ReleaseQt\moc_MaterialSelector.cpp">
      <Filter>Generated Files\ReleaseQt</Filter>
    </ClCompile>
    <ClCompile Include="..\..\..\Scratch\MSVC-Build\Banana\QtAppHelpers\DebugQt\moc_PointLightEditor.cpp">
      <Filter>Generated Files\DebugQt</Filter>
    </ClCompile>
    <ClCompile Include="..\..\..\Scratch\MSVC-Build\Banana\QtAppHelpers\Debug\moc_PointLightEditor.cpp">
      <Filter>Generated Files\Debug</Filter>
    </ClCompile>
    <ClCompile Include="..\..\..\Scratch\MSVC-Build\Banana\QtAppHelpers\Release\moc_PointLightEditor.cpp">
      <Filter>Generated Files\Release</Filter>
    </ClCompile>
    <ClCompile Include="..\..\..\Scratch\MSVC-Build\Banana\QtAppHelpers\ReleaseQt\moc_PointLightEditor.cpp">
      <Filter>Generated Files\ReleaseQt</Filter>
    </ClCompile>
    <ClCompile Include="Source\PointLightEditor.cpp">
      <Filter>Source Files</Filter>
    </ClCompile>
    <ClCompile Include="Source\MaterialSelector.cpp">
      <Filter>Source Files</Filter>
    </ClCompile>
    <ClCompile Include="Source\CustomSplashScreen.cpp">
      <Filter>Source Files</Filter>
    </ClCompile>
    <ClCompile Include="..\..\..\Scratch\MSVC-Build\Banana\QtAppHelpers\DebugQt\moc_ClipPlaneEditor.cpp">
      <Filter>Generated Files\DebugQt</Filter>
    </ClCompile>
    <ClCompile Include="..\..\..\Scratch\MSVC-Build\Banana\QtAppHelpers\Debug\moc_ClipPlaneEditor.cpp">
      <Filter>Generated Files\Debug</Filter>
    </ClCompile>
    <ClCompile Include="..\..\..\Scratch\MSVC-Build\Banana\QtAppHelpers\Release\moc_ClipPlaneEditor.cpp">
      <Filter>Generated Files\Release</Filter>
    </ClCompile>
    <ClCompile Include="..\..\..\Scratch\MSVC-Build\Banana\QtAppHelpers\ReleaseQt\moc_ClipPlaneEditor.cpp">
      <Filter>Generated Files\ReleaseQt</Filter>
    </ClCompile>
    <ClCompile Include="Source\ClipPlaneEditor.cpp">
      <Filter>Source Files</Filter>
    </ClCompile>
    <ClCompile Include="..\..\..\Scratch\MSVC-Build\Banana\QtAppHelpers\DebugQt\moc_DataList.cpp">
      <Filter>Generated Files\DebugQt</Filter>
    </ClCompile>
    <ClCompile Include="..\..\..\Scratch\MSVC-Build\Banana\QtAppHelpers\Debug\moc_DataList.cpp">
      <Filter>Generated Files\Debug</Filter>
    </ClCompile>
    <ClCompile Include="..\..\..\Scratch\MSVC-Build\Banana\QtAppHelpers\Release\moc_DataList.cpp">
      <Filter>Generated Files\Release</Filter>
    </ClCompile>
    <ClCompile Include="..\..\..\Scratch\MSVC-Build\Banana\QtAppHelpers\ReleaseQt\moc_DataList.cpp">
      <Filter>Generated Files\ReleaseQt</Filter>
    </ClCompile>
    <ClCompile Include="Source\DataList.cpp">
      <Filter>Source Files</Filter>
    </ClCompile>
    <ClCompile Include="..\..\..\Scratch\MSVC-Build\Banana\QtAppHelpers\DebugQt\moc_MaterialEditor.cpp">
      <Filter>Generated Files\DebugQt</Filter>
    </ClCompile>
    <ClCompile Include="..\..\..\Scratch\MSVC-Build\Banana\QtAppHelpers\Debug\moc_MaterialEditor.cpp">
      <Filter>Generated Files\Debug</Filter>
    </ClCompile>
    <ClCompile Include="..\..\..\Scratch\MSVC-Build\Banana\QtAppHelpers\Release\moc_MaterialEditor.cpp">
      <Filter>Generated Files\Release</Filter>
    </ClCompile>
    <ClCompile Include="..\..\..\Scratch\MSVC-Build\Banana\QtAppHelpers\ReleaseQt\moc_MaterialEditor.cpp">
      <Filter>Generated Files\ReleaseQt</Filter>
    </ClCompile>
    <ClCompile Include="Source\MaterialEditor.cpp">
      <Filter>Source Files</Filter>
    </ClCompile>
    <ClCompile Include="..\..\..\Scratch\MSVC-Build\Banana\QtAppHelpers\DebugQt\moc_ColorPicker.cpp">
      <Filter>Generated Files\DebugQt</Filter>
    </ClCompile>
    <ClCompile Include="..\..\..\Scratch\MSVC-Build\Banana\QtAppHelpers\Debug\moc_ColorPicker.cpp">
      <Filter>Generated Files\Debug</Filter>
    </ClCompile>
    <ClCompile Include="..\..\..\Scratch\MSVC-Build\Banana\QtAppHelpers\Release\moc_ColorPicker.cpp">
      <Filter>Generated Files\Release</Filter>
    </ClCompile>
    <ClCompile Include="..\..\..\Scratch\MSVC-Build\Banana\QtAppHelpers\ReleaseQt\moc_ColorPicker.cpp">
      <Filter>Generated Files\ReleaseQt</Filter>
    </ClCompile>
    <ClCompile Include="Source\ColorPicker.cpp">
      <Filter>Source Files</Filter>
    </ClCompile>
    <ClCompile Include="Source\BusyBar.cpp">
      <Filter>Source Files</Filter>
    </ClCompile>
    <ClCompile Include="..\..\..\Scratch\MSVC-Build\Banana\QtAppHelpers\DebugQt\moc_BusyBar.cpp">
      <Filter>Generated Files\DebugQt</Filter>
    </ClCompile>
    <ClCompile Include="..\..\..\Scratch\MSVC-Build\Banana\QtAppHelpers\Debug\moc_BusyBar.cpp">
      <Filter>Generated Files\Debug</Filter>
    </ClCompile>
    <ClCompile Include="..\..\..\Scratch\MSVC-Build\Banana\QtAppHelpers\Release\moc_BusyBar.cpp">
      <Filter>Generated Files\Release</Filter>
    </ClCompile>
    <ClCompile Include="..\..\..\Scratch\MSVC-Build\Banana\QtAppHelpers\ReleaseQt\moc_BusyBar.cpp">
      <Filter>Generated Files\ReleaseQt</Filter>
    </ClCompile>
  </ItemGroup>
  <ItemGroup>
    <ClInclude Include="Include\QtAppHelpers\AntTweakBarWrapper.h">
      <Filter>Header Files</Filter>
    </ClInclude>
    <CustomBuild Include="Include\QtAppHelpers\AvgTimer.h">
      <Filter>Header Files</Filter>
    </CustomBuild>
    <CustomBuild Include="Include\QtAppHelpers\BrowsePathWidget.h">
      <Filter>Header Files</Filter>
    </CustomBuild>
    <ClInclude Include="Include\QtAppHelpers\DeviceToLogical.h">
      <Filter>Header Files</Filter>
    </ClInclude>
    <CustomBuild Include="Include\QtAppHelpers\EnhancedComboBox.h">
      <Filter>Header Files</Filter>
    </CustomBuild>
	<CustomBuild Include="Include\QtAppHelpers\EnhancedMessageBox.h">
      <Filter>Header Files</Filter>
    </CustomBuild>
    <CustomBuild Include="Include\QtAppHelpers\EnhancedSlider.h">
      <Filter>Header Files</Filter>
    </CustomBuild>
    <CustomBuild Include="Include\QtAppHelpers\FPSCounter.h">
      <Filter>Header Files</Filter>
    </CustomBuild>
    <CustomBuild Include="Include\QtAppHelpers\OpenGLMainWindow.h">
      <Filter>Header Files</Filter>
    </CustomBuild>
    <CustomBuild Include="Include\QtAppHelpers\OpenGLWidget.h">
      <Filter>Header Files</Filter>
    </CustomBuild>
    <ClInclude Include="Include\QtAppHelpers\QtAppMacros.h">
      <Filter>Header Files</Filter>
    </ClInclude>
    <ClInclude Include="Include\QtAppHelpers\QtAppShaderProgram.h">
      <Filter>Header Files</Filter>
    </ClInclude>
    <ClInclude Include="Include\QtAppHelpers\CustomSplashScreen.h">
      <Filter>Header Files</Filter>
    </ClInclude>
  </ItemGroup>
  <ItemGroup>
    <CustomBuild Include="Include\QtAppHelpers\BusyBar.h">
      <Filter>Header Files</Filter>
    </CustomBuild>
    <CustomBuild Include="Include\QtAppHelpers\OpenGLWidgetTestRender.h">
      <Filter>Header Files</Filter>
    </CustomBuild>
    <CustomBuild Include="Include\QtAppHelpers\MaterialSelector.h">
      <Filter>Header Files</Filter>
    </CustomBuild>
    <CustomBuild Include="Include\QtAppHelpers\PointLightEditor.h">
      <Filter>Header Files</Filter>
    </CustomBuild>
    <CustomBuild Include="Include\QtAppHelpers\ClipPlaneEditor.h">
      <Filter>Header Files</Filter>
    </CustomBuild>
    <CustomBuild Include="Include\QtAppHelpers\DataList.h">
      <Filter>Header Files</Filter>
    </CustomBuild>
    <CustomBuild Include="Include\QtAppHelpers\MaterialEditor.h">
      <Filter>Header Files</Filter>
    </CustomBuild>
    <CustomBuild Include="Include\QtAppHelpers\ColorPicker.h">
      <Filter>Header Files</Filter>
    </CustomBuild>
  </ItemGroup>
  <ItemGroup>
    <None Include="QtAppHelpers.licenseheader" />
  </ItemGroup>
</Project>