
Microsoft Visual Studio Solution File, Format Version 12.00
# Visual Studio 14
VisualStudioVersion = 14.0.25420.1
MinimumVisualStudioVersion = 10.0.40219.1
Project("{8BC9CEB8-8B4A-11D0-8D11-00A0C91BC942}") = "ParallelAlgorithms", "ParallelAlgorithms\ParallelAlgorithms.vcxproj", "{DC0A8C1E-A5B6-4EDE-AD76-609F9A6F2F9C}"
EndProject
Project("{8BC9CEB8-8B4A-11D0-8D11-00A0C91BC942}") = "BananaAppCore", "BananaAppCore\BananaAppCore.vcxproj", "{27A187C4-FB19-47E9-AFDF-E6E8CC5B7E18}"
EndProject
Project("{8BC9CEB8-8B4A-11D0-8D11-00A0C91BC942}") = "OpenGLHelpers", "OpenGLHelpers\OpenGLHelpers.vcxproj", "{69C32B30-BD65-470B-B70E-F6FB0CFB9944}"
EndProject
Project("{8BC9CEB8-8B4A-11D0-8D11-00A0C91BC942}") = "Simulation", "Simulation\Simulation.vcxproj", "{6278DD55-0398-42A5-A69F-FC9C3194F071}"
EndProject
Project("{8BC9CEB8-8B4A-11D0-8D11-00A0C91BC942}") = "RayTracing", "RayTracing\RayTracing.vcxproj", "{92376DFA-E300-4232-8D3B-D977B47AA69D}"
EndProject
Project("{8BC9CEB8-8B4A-11D0-8D11-00A0C91BC942}") = "VectorTypeBechmark", "TestBed\VectorTypeBechmark\VectorTypeBechmark.vcxproj", "{824501A8-20D8-4ACD-AE31-4F81D1591C68}"
EndProject
Project("{2150E333-8FDC-42A3-9474-1A3956D46DE8}") = "TestBed", "TestBed", "{03812878-0993-4B4C-9A31-079AE81803DE}"
EndProject
Project("{2150E333-8FDC-42A3-9474-1A3956D46DE8}") = "Banana", "Banana", "{B6E7CB10-66E0-4A1E-8ECD-21288DA8A3B1}"
EndProject
Project("{8BC9CEB8-8B4A-11D0-8D11-00A0C91BC942}") = "PCGBenchmark", "TestBed\PCGBenchmark\PCGBenchmark.vcxproj", "{21113A5F-BF3A-4923-9205-3E87911ECF04}"
EndProject
Global
	GlobalSection(SolutionConfigurationPlatforms) = preSolution
		Debug|x64 = Debug|x64
		Debug|x86 = Debug|x86
		Release|x64 = Release|x64
		Release|x86 = Release|x86
	EndGlobalSection
	GlobalSection(ProjectConfigurationPlatforms) = postSolution
		{DC0A8C1E-A5B6-4EDE-AD76-609F9A6F2F9C}.Debug|x64.ActiveCfg = Debug|x64
		{DC0A8C1E-A5B6-4EDE-AD76-609F9A6F2F9C}.Debug|x64.Build.0 = Debug|x64
		{DC0A8C1E-A5B6-4EDE-AD76-609F9A6F2F9C}.Debug|x86.ActiveCfg = Debug|Win32
		{DC0A8C1E-A5B6-4EDE-AD76-609F9A6F2F9C}.Debug|x86.Build.0 = Debug|Win32
		{DC0A8C1E-A5B6-4EDE-AD76-609F9A6F2F9C}.Release|x64.ActiveCfg = Release|x64
		{DC0A8C1E-A5B6-4EDE-AD76-609F9A6F2F9C}.Release|x64.Build.0 = Release|x64
		{DC0A8C1E-A5B6-4EDE-AD76-609F9A6F2F9C}.Release|x86.ActiveCfg = Release|Win32
		{DC0A8C1E-A5B6-4EDE-AD76-609F9A6F2F9C}.Release|x86.Build.0 = Release|Win32
		{27A187C4-FB19-47E9-AFDF-E6E8CC5B7E18}.Debug|x64.ActiveCfg = Debug|x64
		{27A187C4-FB19-47E9-AFDF-E6E8CC5B7E18}.Debug|x64.Build.0 = Debug|x64
		{27A187C4-FB19-47E9-AFDF-E6E8CC5B7E18}.Debug|x86.ActiveCfg = Debug|Win32
		{27A187C4-FB19-47E9-AFDF-E6E8CC5B7E18}.Debug|x86.Build.0 = Debug|Win32
		{27A187C4-FB19-47E9-AFDF-E6E8CC5B7E18}.Release|x64.ActiveCfg = Release|x64
		{27A187C4-FB19-47E9-AFDF-E6E8CC5B7E18}.Release|x64.Build.0 = Release|x64
		{27A187C4-FB19-47E9-AFDF-E6E8CC5B7E18}.Release|x86.ActiveCfg = Release|Win32
		{27A187C4-FB19-47E9-AFDF-E6E8CC5B7E18}.Release|x86.Build.0 = Release|Win32
		{69C32B30-BD65-470B-B70E-F6FB0CFB9944}.Debug|x64.ActiveCfg = Debug|x64
		{69C32B30-BD65-470B-B70E-F6FB0CFB9944}.Debug|x64.Build.0 = Debug|x64
		{69C32B30-BD65-470B-B70E-F6FB0CFB9944}.Debug|x86.ActiveCfg = Debug|Win32
		{69C32B30-BD65-470B-B70E-F6FB0CFB9944}.Debug|x86.Build.0 = Debug|Win32
		{69C32B30-BD65-470B-B70E-F6FB0CFB9944}.Release|x64.ActiveCfg = Release|x64
		{69C32B30-BD65-470B-B70E-F6FB0CFB9944}.Release|x64.Build.0 = Release|x64
		{69C32B30-BD65-470B-B70E-F6FB0CFB9944}.Release|x86.ActiveCfg = Release|Win32
		{69C32B30-BD65-470B-B70E-F6FB0CFB9944}.Release|x86.Build.0 = Release|Win32
		{6278DD55-0398-42A5-A69F-FC9C3194F071}.Debug|x64.ActiveCfg = Debug|x64
		{6278DD55-0398-42A5-A69F-FC9C3194F071}.Debug|x64.Build.0 = Debug|x64
		{6278DD55-0398-42A5-A69F-FC9C3194F071}.Debug|x86.ActiveCfg = Debug|Win32
		{6278DD55-0398-42A5-A69F-FC9C3194F071}.Debug|x86.Build.0 = Debug|Win32
		{6278DD55-0398-42A5-A69F-FC9C3194F071}.Release|x64.ActiveCfg = Release|x64
		{6278DD55-0398-42A5-A69F-FC9C3194F071}.Release|x64.Build.0 = Release|x64
		{6278DD55-0398-42A5-A69F-FC9C3194F071}.Release|x86.ActiveCfg = Release|Win32
		{6278DD55-0398-42A5-A69F-FC9C3194F071}.Release|x86.Build.0 = Release|Win32
		{92376DFA-E300-4232-8D3B-D977B47AA69D}.Debug|x64.ActiveCfg = Debug|x64
		{92376DFA-E300-4232-8D3B-D977B47AA69D}.Debug|x64.Build.0 = Debug|x64
		{92376DFA-E300-4232-8D3B-D977B47AA69D}.Debug|x86.ActiveCfg = Debug|Win32
		{92376DFA-E300-4232-8D3B-D977B47AA69D}.Debug|x86.Build.0 = Debug|Win32
		{92376DFA-E300-4232-8D3B-D977B47AA69D}.Release|x64.ActiveCfg = Release|x64
		{92376DFA-E300-4232-8D3B-D977B47AA69D}.Release|x64.Build.0 = Release|x64
		{92376DFA-E300-4232-8D3B-D977B47AA69D}.Release|x86.ActiveCfg = Release|Win32
		{92376DFA-E300-4232-8D3B-D977B47AA69D}.Release|x86.Build.0 = Release|Win32
		{824501A8-20D8-4ACD-AE31-4F81D1591C68}.Debug|x64.ActiveCfg = Debug|x64
		{824501A8-20D8-4ACD-AE31-4F81D1591C68}.Debug|x64.Build.0 = Debug|x64
		{824501A8-20D8-4ACD-AE31-4F81D1591C68}.Debug|x86.ActiveCfg = Debug|Win32
		{824501A8-20D8-4ACD-AE31-4F81D1591C68}.Debug|x86.Build.0 = Debug|Win32
		{824501A8-20D8-4ACD-AE31-4F81D1591C68}.Release|x64.ActiveCfg = Release|x64
		{824501A8-20D8-4ACD-AE31-4F81D1591C68}.Release|x64.Build.0 = Release|x64
		{824501A8-20D8-4ACD-AE31-4F81D1591C68}.Release|x86.ActiveCfg = Release|Win32
		{824501A8-20D8-4ACD-AE31-4F81D1591C68}.Release|x86.Build.0 = Release|Win32
		{21113A5F-BF3A-4923-9205-3E87911ECF04}.Debug|x64.ActiveCfg = Debug|x64
		{21113A5F-BF3A-4923-9205-3E87911ECF04}.Debug|x64.Build.0 = Debug|x64
		{21113A5F-BF3A-4923-9205-3E87911ECF04}.Debug|x86.ActiveCfg = Debug|Win32
		{21113A5F-BF3A-4923-9205-3E87911ECF04}.Debug|x86.Build.0 = Debug|Win32
		{21113A5F-BF3A-4923-9205-3E87911ECF04}.Release|x64.ActiveCfg = Release|x64
		{21113A5F-BF3A-4923-9205-3E87911ECF04}.Release|x64.Build.0 = Release|x64
		{21113A5F-BF3A-4923-9205-3E87911ECF04}.Release|x86.ActiveCfg = Release|Win32
		{21113A5F-BF3A-4923-9205-3E87911ECF04}.Release|x86.Build.0 = Release|Win32
	EndGlobalSection
	GlobalSection(SolutionProperties) = preSolution
		HideSolutionNode = FALSE
	EndGlobalSection
	GlobalSection(NestedProjects) = preSolution
		{DC0A8C1E-A5B6-4EDE-AD76-609F9A6F2F9C} = {B6E7CB10-66E0-4A1E-8ECD-21288DA8A3B1}
		{27A187C4-FB19-47E9-AFDF-E6E8CC5B7E18} = {B6E7CB10-66E0-4A1E-8ECD-21288DA8A3B1}
		{69C32B30-BD65-470B-B70E-F6FB0CFB9944} = {B6E7CB10-66E0-4A1E-8ECD-21288DA8A3B1}
		{6278DD55-0398-42A5-A69F-FC9C3194F071} = {B6E7CB10-66E0-4A1E-8ECD-21288DA8A3B1}
		{92376DFA-E300-4232-8D3B-D977B47AA69D} = {B6E7CB10-66E0-4A1E-8ECD-21288DA8A3B1}
		{824501A8-20D8-4ACD-AE31-4F81D1591C68} = {03812878-0993-4B4C-9A31-079AE81803DE}
		{21113A5F-BF3A-4923-9205-3E87911ECF04} = {03812878-0993-4B4C-9A31-079AE81803DE}
	EndGlobalSection
EndGlobal
