
Microsoft Visual Studio Solution File, Format Version 12.00
# Visual Studio 15
VisualStudioVersion = 15.0.26430.16
MinimumVisualStudioVersion = 10.0.40219.1
Project("{8BC9CEB8-8B4A-11D0-8D11-00A0C91BC942}") = "BananaCore", "BananaCore\BananaCore.vcxproj", "{27A187C4-FB19-47E9-AFDF-E6E8CC5B7E18}"
EndProject
Project("{2150E333-8FDC-42A3-9474-1A3956D46DE8}") = "TestBed", "TestBed", "{03812878-0993-4B4C-9A31-079AE81803DE}"
EndProject
Project("{2150E333-8FDC-42A3-9474-1A3956D46DE8}") = "Banana", "Banana", "{B6E7CB10-66E0-4A1E-8ECD-21288DA8A3B1}"
EndProject
Project("{8BC9CEB8-8B4A-11D0-8D11-00A0C91BC942}") = "QtAppHelpers", "QtAppHelpers\QtAppHelpers.vcxproj", "{B6C7B2C3-8D99-32E8-B341-E6987697D653}"
EndProject
Project("{8BC9CEB8-8B4A-11D0-8D11-00A0C91BC942}") = "OpenGLHelpers", "OpenGLHelpers\OpenGLHelpers.vcxproj", "{EE17B865-E6AE-3FD8-81D1-A696DCB18EF5}"
EndProject
Project("{2150E333-8FDC-42A3-9474-1A3956D46DE8}") = "QtApps", "QtApps", "{67D2A707-A821-4D63-BF60-F7FFB77A1F67}"
EndProject
Project("{8BC9CEB8-8B4A-11D0-8D11-00A0C91BC942}") = "OpenGLTest", "TestBed\QtApps\OpenGLTest\OpenGLTest.vcxproj", "{29506A87-5FF4-3BF0-9FBA-6C630184A9C0}"
	ProjectSection(ProjectDependencies) = postProject
		{EE17B865-E6AE-3FD8-81D1-A696DCB18EF5} = {EE17B865-E6AE-3FD8-81D1-A696DCB18EF5}
		{B6C7B2C3-8D99-32E8-B341-E6987697D653} = {B6C7B2C3-8D99-32E8-B341-E6987697D653}
		{27A187C4-FB19-47E9-AFDF-E6E8CC5B7E18} = {27A187C4-FB19-47E9-AFDF-E6E8CC5B7E18}
	EndProjectSection
EndProject
Project("{8BC9CEB8-8B4A-11D0-8D11-00A0C91BC942}") = "QtWidgetTest", "TestBed\QtApps\QtWidgetTest\QtWidgetTest.vcxproj", "{06C3CED9-C368-4733-B7C6-FFF07582E6C9}"
	ProjectSection(ProjectDependencies) = postProject
		{EE17B865-E6AE-3FD8-81D1-A696DCB18EF5} = {EE17B865-E6AE-3FD8-81D1-A696DCB18EF5}
		{B6C7B2C3-8D99-32E8-B341-E6987697D653} = {B6C7B2C3-8D99-32E8-B341-E6987697D653}
		{27A187C4-FB19-47E9-AFDF-E6E8CC5B7E18} = {27A187C4-FB19-47E9-AFDF-E6E8CC5B7E18}
	EndProjectSection
EndProject
Project("{2150E333-8FDC-42A3-9474-1A3956D46DE8}") = "Benchmarks", "Benchmarks", "{E0E2E90E-F4DC-4333-A1C9-818110D592EF}"
EndProject
Project("{8BC9CEB8-8B4A-11D0-8D11-00A0C91BC942}") = "Simulation", "Simulation\Simulation.vcxproj", "{6278DD55-0398-42A5-A69F-FC9C3194F071}"
EndProject
Project("{8BC9CEB8-8B4A-11D0-8D11-00A0C91BC942}") = "RayTracing", "RayTracing\RayTracing.vcxproj", "{92376DFA-E300-4232-8D3B-D977B47AA69D}"
EndProject
Project("{8BC9CEB8-8B4A-11D0-8D11-00A0C91BC942}") = "MachineLearning", "MachineLearning\MachineLearning.vcxproj", "{1FED3057-BCBE-40DC-AD67-BDF8121DCB33}"
EndProject
Project("{8BC9CEB8-8B4A-11D0-8D11-00A0C91BC942}") = "TestParamManager", "TestBed\Benchmarks\TestParamManager\TestParamManager.vcxproj", "{9A132C67-513D-4A35-BE6A-92FF6F964F64}"
EndProject
Project("{8BC9CEB8-8B4A-11D0-8D11-00A0C91BC942}") = "UnitTest", "UnitTest\UnitTest.vcxproj", "{2E3CBD66-ECEE-42FC-B4D5-61AD7C4C0E51}"
	ProjectSection(ProjectDependencies) = postProject
		{6278DD55-0398-42A5-A69F-FC9C3194F071} = {6278DD55-0398-42A5-A69F-FC9C3194F071}
		{1FED3057-BCBE-40DC-AD67-BDF8121DCB33} = {1FED3057-BCBE-40DC-AD67-BDF8121DCB33}
		{EE17B865-E6AE-3FD8-81D1-A696DCB18EF5} = {EE17B865-E6AE-3FD8-81D1-A696DCB18EF5}
		{B6C7B2C3-8D99-32E8-B341-E6987697D653} = {B6C7B2C3-8D99-32E8-B341-E6987697D653}
		{27A187C4-FB19-47E9-AFDF-E6E8CC5B7E18} = {27A187C4-FB19-47E9-AFDF-E6E8CC5B7E18}
		{92376DFA-E300-4232-8D3B-D977B47AA69D} = {92376DFA-E300-4232-8D3B-D977B47AA69D}
	EndProjectSection
EndProject
Global
	GlobalSection(SolutionConfigurationPlatforms) = preSolution
		Debug|x64 = Debug|x64
		Debug|x86 = Debug|x86
		DebugQt|x64 = DebugQt|x64
		DebugQt|x86 = DebugQt|x86
		Release|x64 = Release|x64
		Release|x86 = Release|x86
		ReleaseQt|x64 = ReleaseQt|x64
		ReleaseQt|x86 = ReleaseQt|x86
	EndGlobalSection
	GlobalSection(ProjectConfigurationPlatforms) = postSolution
		{27A187C4-FB19-47E9-AFDF-E6E8CC5B7E18}.Debug|x64.ActiveCfg = Debug|x64
		{27A187C4-FB19-47E9-AFDF-E6E8CC5B7E18}.Debug|x64.Build.0 = Debug|x64
		{27A187C4-FB19-47E9-AFDF-E6E8CC5B7E18}.Debug|x86.ActiveCfg = Debug|x64
		{27A187C4-FB19-47E9-AFDF-E6E8CC5B7E18}.DebugQt|x64.ActiveCfg = Release|x64
		{27A187C4-FB19-47E9-AFDF-E6E8CC5B7E18}.DebugQt|x86.ActiveCfg = Release|x64
		{27A187C4-FB19-47E9-AFDF-E6E8CC5B7E18}.DebugQt|x86.Build.0 = Release|x64
		{27A187C4-FB19-47E9-AFDF-E6E8CC5B7E18}.Release|x64.ActiveCfg = Release|x64
		{27A187C4-FB19-47E9-AFDF-E6E8CC5B7E18}.Release|x64.Build.0 = Release|x64
		{27A187C4-FB19-47E9-AFDF-E6E8CC5B7E18}.Release|x86.ActiveCfg = Release|x64
		{27A187C4-FB19-47E9-AFDF-E6E8CC5B7E18}.ReleaseQt|x64.ActiveCfg = Release|x64
		{27A187C4-FB19-47E9-AFDF-E6E8CC5B7E18}.ReleaseQt|x64.Build.0 = Release|x64
		{27A187C4-FB19-47E9-AFDF-E6E8CC5B7E18}.ReleaseQt|x86.ActiveCfg = Release|x64
		{27A187C4-FB19-47E9-AFDF-E6E8CC5B7E18}.ReleaseQt|x86.Build.0 = Release|x64
		{B6C7B2C3-8D99-32E8-B341-E6987697D653}.Debug|x64.ActiveCfg = Debug|x64
		{B6C7B2C3-8D99-32E8-B341-E6987697D653}.Debug|x86.ActiveCfg = Debug|x64
		{B6C7B2C3-8D99-32E8-B341-E6987697D653}.DebugQt|x64.ActiveCfg = DebugQt|x64
		{B6C7B2C3-8D99-32E8-B341-E6987697D653}.DebugQt|x64.Build.0 = DebugQt|x64
		{B6C7B2C3-8D99-32E8-B341-E6987697D653}.DebugQt|x86.ActiveCfg = DebugQt|x64
		{B6C7B2C3-8D99-32E8-B341-E6987697D653}.Release|x64.ActiveCfg = Release|x64
		{B6C7B2C3-8D99-32E8-B341-E6987697D653}.Release|x86.ActiveCfg = Release|x64
		{B6C7B2C3-8D99-32E8-B341-E6987697D653}.ReleaseQt|x64.ActiveCfg = ReleaseQt|x64
		{B6C7B2C3-8D99-32E8-B341-E6987697D653}.ReleaseQt|x64.Build.0 = ReleaseQt|x64
		{B6C7B2C3-8D99-32E8-B341-E6987697D653}.ReleaseQt|x86.ActiveCfg = ReleaseQt|x64
		{EE17B865-E6AE-3FD8-81D1-A696DCB18EF5}.Debug|x64.ActiveCfg = Debug|x64
		{EE17B865-E6AE-3FD8-81D1-A696DCB18EF5}.Debug|x64.Build.0 = Debug|x64
		{EE17B865-E6AE-3FD8-81D1-A696DCB18EF5}.Debug|x86.ActiveCfg = Debug|x64
		{EE17B865-E6AE-3FD8-81D1-A696DCB18EF5}.DebugQt|x64.ActiveCfg = Release|x64
		{EE17B865-E6AE-3FD8-81D1-A696DCB18EF5}.DebugQt|x86.ActiveCfg = Release|x64
		{EE17B865-E6AE-3FD8-81D1-A696DCB18EF5}.DebugQt|x86.Build.0 = Release|x64
		{EE17B865-E6AE-3FD8-81D1-A696DCB18EF5}.Release|x64.ActiveCfg = Release|x64
		{EE17B865-E6AE-3FD8-81D1-A696DCB18EF5}.Release|x64.Build.0 = Release|x64
		{EE17B865-E6AE-3FD8-81D1-A696DCB18EF5}.Release|x86.ActiveCfg = Release|x64
		{EE17B865-E6AE-3FD8-81D1-A696DCB18EF5}.ReleaseQt|x64.ActiveCfg = Release|x64
		{EE17B865-E6AE-3FD8-81D1-A696DCB18EF5}.ReleaseQt|x64.Build.0 = Release|x64
		{EE17B865-E6AE-3FD8-81D1-A696DCB18EF5}.ReleaseQt|x86.ActiveCfg = Release|x64
		{EE17B865-E6AE-3FD8-81D1-A696DCB18EF5}.ReleaseQt|x86.Build.0 = Release|x64
		{29506A87-5FF4-3BF0-9FBA-6C630184A9C0}.Debug|x64.ActiveCfg = Debug|x64
		{29506A87-5FF4-3BF0-9FBA-6C630184A9C0}.Debug|x64.Build.0 = Debug|x64
		{29506A87-5FF4-3BF0-9FBA-6C630184A9C0}.Debug|x86.ActiveCfg = Debug|x64
		{29506A87-5FF4-3BF0-9FBA-6C630184A9C0}.DebugQt|x64.ActiveCfg = Debug|x64
		{29506A87-5FF4-3BF0-9FBA-6C630184A9C0}.DebugQt|x86.ActiveCfg = Release|x64
		{29506A87-5FF4-3BF0-9FBA-6C630184A9C0}.DebugQt|x86.Build.0 = Release|x64
		{29506A87-5FF4-3BF0-9FBA-6C630184A9C0}.Release|x64.ActiveCfg = Release|x64
		{29506A87-5FF4-3BF0-9FBA-6C630184A9C0}.Release|x64.Build.0 = Release|x64
		{29506A87-5FF4-3BF0-9FBA-6C630184A9C0}.Release|x86.ActiveCfg = Release|x64
		{29506A87-5FF4-3BF0-9FBA-6C630184A9C0}.ReleaseQt|x64.ActiveCfg = Release|x64
		{29506A87-5FF4-3BF0-9FBA-6C630184A9C0}.ReleaseQt|x86.ActiveCfg = Release|x64
		{29506A87-5FF4-3BF0-9FBA-6C630184A9C0}.ReleaseQt|x86.Build.0 = Release|x64
		{06C3CED9-C368-4733-B7C6-FFF07582E6C9}.Debug|x64.ActiveCfg = Debug|x64
		{06C3CED9-C368-4733-B7C6-FFF07582E6C9}.Debug|x64.Build.0 = Debug|x64
		{06C3CED9-C368-4733-B7C6-FFF07582E6C9}.Debug|x86.ActiveCfg = Debug|x64
		{06C3CED9-C368-4733-B7C6-FFF07582E6C9}.DebugQt|x64.ActiveCfg = Debug|x64
		{06C3CED9-C368-4733-B7C6-FFF07582E6C9}.DebugQt|x86.ActiveCfg = Release|x64
		{06C3CED9-C368-4733-B7C6-FFF07582E6C9}.DebugQt|x86.Build.0 = Release|x64
		{06C3CED9-C368-4733-B7C6-FFF07582E6C9}.Release|x64.ActiveCfg = Release|x64
		{06C3CED9-C368-4733-B7C6-FFF07582E6C9}.Release|x64.Build.0 = Release|x64
		{06C3CED9-C368-4733-B7C6-FFF07582E6C9}.Release|x86.ActiveCfg = Release|x64
		{06C3CED9-C368-4733-B7C6-FFF07582E6C9}.ReleaseQt|x64.ActiveCfg = Release|x64
		{06C3CED9-C368-4733-B7C6-FFF07582E6C9}.ReleaseQt|x86.ActiveCfg = Release|x64
		{06C3CED9-C368-4733-B7C6-FFF07582E6C9}.ReleaseQt|x86.Build.0 = Release|x64
		{6278DD55-0398-42A5-A69F-FC9C3194F071}.Debug|x64.ActiveCfg = Debug|x64
		{6278DD55-0398-42A5-A69F-FC9C3194F071}.Debug|x64.Build.0 = Debug|x64
		{6278DD55-0398-42A5-A69F-FC9C3194F071}.Debug|x86.ActiveCfg = Debug|x64
		{6278DD55-0398-42A5-A69F-FC9C3194F071}.DebugQt|x64.ActiveCfg = Release|x64
		{6278DD55-0398-42A5-A69F-FC9C3194F071}.DebugQt|x86.ActiveCfg = Release|x64
		{6278DD55-0398-42A5-A69F-FC9C3194F071}.DebugQt|x86.Build.0 = Release|x64
		{6278DD55-0398-42A5-A69F-FC9C3194F071}.Release|x64.ActiveCfg = Release|x64
		{6278DD55-0398-42A5-A69F-FC9C3194F071}.Release|x64.Build.0 = Release|x64
		{6278DD55-0398-42A5-A69F-FC9C3194F071}.Release|x86.ActiveCfg = Release|x64
		{6278DD55-0398-42A5-A69F-FC9C3194F071}.ReleaseQt|x64.ActiveCfg = Release|x64
		{6278DD55-0398-42A5-A69F-FC9C3194F071}.ReleaseQt|x64.Build.0 = Release|x64
		{6278DD55-0398-42A5-A69F-FC9C3194F071}.ReleaseQt|x86.ActiveCfg = Release|x64
		{6278DD55-0398-42A5-A69F-FC9C3194F071}.ReleaseQt|x86.Build.0 = Release|x64
		{92376DFA-E300-4232-8D3B-D977B47AA69D}.Debug|x64.ActiveCfg = Debug|x64
		{92376DFA-E300-4232-8D3B-D977B47AA69D}.Debug|x64.Build.0 = Debug|x64
		{92376DFA-E300-4232-8D3B-D977B47AA69D}.Debug|x86.ActiveCfg = Debug|x64
		{92376DFA-E300-4232-8D3B-D977B47AA69D}.DebugQt|x64.ActiveCfg = DebugQt|x64
		{92376DFA-E300-4232-8D3B-D977B47AA69D}.DebugQt|x64.Build.0 = DebugQt|x64
		{92376DFA-E300-4232-8D3B-D977B47AA69D}.DebugQt|x86.ActiveCfg = DebugQt|x64
		{92376DFA-E300-4232-8D3B-D977B47AA69D}.Release|x64.ActiveCfg = Release|x64
		{92376DFA-E300-4232-8D3B-D977B47AA69D}.Release|x86.ActiveCfg = Release|x64
		{92376DFA-E300-4232-8D3B-D977B47AA69D}.ReleaseQt|x64.ActiveCfg = ReleaseQt|x64
		{92376DFA-E300-4232-8D3B-D977B47AA69D}.ReleaseQt|x64.Build.0 = ReleaseQt|x64
		{92376DFA-E300-4232-8D3B-D977B47AA69D}.ReleaseQt|x86.ActiveCfg = ReleaseQt|x64
		{1FED3057-BCBE-40DC-AD67-BDF8121DCB33}.Debug|x64.ActiveCfg = Debug|x64
		{1FED3057-BCBE-40DC-AD67-BDF8121DCB33}.Debug|x64.Build.0 = Debug|x64
		{1FED3057-BCBE-40DC-AD67-BDF8121DCB33}.Debug|x86.ActiveCfg = Debug|x64
		{1FED3057-BCBE-40DC-AD67-BDF8121DCB33}.DebugQt|x64.ActiveCfg = Release|x64
		{1FED3057-BCBE-40DC-AD67-BDF8121DCB33}.DebugQt|x86.ActiveCfg = Release|x64
		{1FED3057-BCBE-40DC-AD67-BDF8121DCB33}.DebugQt|x86.Build.0 = Release|x64
		{1FED3057-BCBE-40DC-AD67-BDF8121DCB33}.Release|x64.ActiveCfg = Release|x64
		{1FED3057-BCBE-40DC-AD67-BDF8121DCB33}.Release|x64.Build.0 = Release|x64
		{1FED3057-BCBE-40DC-AD67-BDF8121DCB33}.Release|x86.ActiveCfg = Release|x64
		{1FED3057-BCBE-40DC-AD67-BDF8121DCB33}.ReleaseQt|x64.ActiveCfg = Release|x64
		{1FED3057-BCBE-40DC-AD67-BDF8121DCB33}.ReleaseQt|x64.Build.0 = Release|x64
		{1FED3057-BCBE-40DC-AD67-BDF8121DCB33}.ReleaseQt|x86.ActiveCfg = Release|x64
		{1FED3057-BCBE-40DC-AD67-BDF8121DCB33}.ReleaseQt|x86.Build.0 = Release|x64
		{9A132C67-513D-4A35-BE6A-92FF6F964F64}.Debug|x64.ActiveCfg = Debug|x64
		{9A132C67-513D-4A35-BE6A-92FF6F964F64}.Debug|x64.Build.0 = Debug|x64
		{9A132C67-513D-4A35-BE6A-92FF6F964F64}.Debug|x86.ActiveCfg = Debug|Win32
		{9A132C67-513D-4A35-BE6A-92FF6F964F64}.Debug|x86.Build.0 = Debug|Win32
		{9A132C67-513D-4A35-BE6A-92FF6F964F64}.DebugQt|x64.ActiveCfg = Debug|x64
		{9A132C67-513D-4A35-BE6A-92FF6F964F64}.DebugQt|x86.ActiveCfg = Debug|Win32
		{9A132C67-513D-4A35-BE6A-92FF6F964F64}.DebugQt|x86.Build.0 = Debug|Win32
		{9A132C67-513D-4A35-BE6A-92FF6F964F64}.Release|x64.ActiveCfg = Release|x64
		{9A132C67-513D-4A35-BE6A-92FF6F964F64}.Release|x64.Build.0 = Release|x64
		{9A132C67-513D-4A35-BE6A-92FF6F964F64}.Release|x86.ActiveCfg = Release|Win32
		{9A132C67-513D-4A35-BE6A-92FF6F964F64}.Release|x86.Build.0 = Release|Win32
		{9A132C67-513D-4A35-BE6A-92FF6F964F64}.ReleaseQt|x64.ActiveCfg = Release|x64
		{9A132C67-513D-4A35-BE6A-92FF6F964F64}.ReleaseQt|x86.ActiveCfg = Release|Win32
		{9A132C67-513D-4A35-BE6A-92FF6F964F64}.ReleaseQt|x86.Build.0 = Release|Win32
		{2E3CBD66-ECEE-42FC-B4D5-61AD7C4C0E51}.Debug|x64.ActiveCfg = Debug|x64
		{2E3CBD66-ECEE-42FC-B4D5-61AD7C4C0E51}.Debug|x64.Build.0 = Debug|x64
		{2E3CBD66-ECEE-42FC-B4D5-61AD7C4C0E51}.Debug|x86.ActiveCfg = Debug|Win32
		{2E3CBD66-ECEE-42FC-B4D5-61AD7C4C0E51}.Debug|x86.Build.0 = Debug|Win32
		{2E3CBD66-ECEE-42FC-B4D5-61AD7C4C0E51}.DebugQt|x64.ActiveCfg = Debug|x64
		{2E3CBD66-ECEE-42FC-B4D5-61AD7C4C0E51}.DebugQt|x64.Build.0 = Debug|x64
		{2E3CBD66-ECEE-42FC-B4D5-61AD7C4C0E51}.DebugQt|x86.ActiveCfg = Debug|Win32
		{2E3CBD66-ECEE-42FC-B4D5-61AD7C4C0E51}.DebugQt|x86.Build.0 = Debug|Win32
		{2E3CBD66-ECEE-42FC-B4D5-61AD7C4C0E51}.Release|x64.ActiveCfg = Release|x64
		{2E3CBD66-ECEE-42FC-B4D5-61AD7C4C0E51}.Release|x64.Build.0 = Release|x64
		{2E3CBD66-ECEE-42FC-B4D5-61AD7C4C0E51}.Release|x86.ActiveCfg = Release|Win32
		{2E3CBD66-ECEE-42FC-B4D5-61AD7C4C0E51}.Release|x86.Build.0 = Release|Win32
		{2E3CBD66-ECEE-42FC-B4D5-61AD7C4C0E51}.ReleaseQt|x64.ActiveCfg = Release|x64
		{2E3CBD66-ECEE-42FC-B4D5-61AD7C4C0E51}.ReleaseQt|x64.Build.0 = Release|x64
		{2E3CBD66-ECEE-42FC-B4D5-61AD7C4C0E51}.ReleaseQt|x86.ActiveCfg = Release|Win32
		{2E3CBD66-ECEE-42FC-B4D5-61AD7C4C0E51}.ReleaseQt|x86.Build.0 = Release|Win32
	EndGlobalSection
	GlobalSection(SolutionProperties) = preSolution
		HideSolutionNode = FALSE
	EndGlobalSection
	GlobalSection(NestedProjects) = preSolution
		{27A187C4-FB19-47E9-AFDF-E6E8CC5B7E18} = {B6E7CB10-66E0-4A1E-8ECD-21288DA8A3B1}
		{B6C7B2C3-8D99-32E8-B341-E6987697D653} = {B6E7CB10-66E0-4A1E-8ECD-21288DA8A3B1}
		{EE17B865-E6AE-3FD8-81D1-A696DCB18EF5} = {B6E7CB10-66E0-4A1E-8ECD-21288DA8A3B1}
		{67D2A707-A821-4D63-BF60-F7FFB77A1F67} = {03812878-0993-4B4C-9A31-079AE81803DE}
		{29506A87-5FF4-3BF0-9FBA-6C630184A9C0} = {67D2A707-A821-4D63-BF60-F7FFB77A1F67}
		{06C3CED9-C368-4733-B7C6-FFF07582E6C9} = {67D2A707-A821-4D63-BF60-F7FFB77A1F67}
		{E0E2E90E-F4DC-4333-A1C9-818110D592EF} = {03812878-0993-4B4C-9A31-079AE81803DE}
		{6278DD55-0398-42A5-A69F-FC9C3194F071} = {B6E7CB10-66E0-4A1E-8ECD-21288DA8A3B1}
		{92376DFA-E300-4232-8D3B-D977B47AA69D} = {B6E7CB10-66E0-4A1E-8ECD-21288DA8A3B1}
		{1FED3057-BCBE-40DC-AD67-BDF8121DCB33} = {B6E7CB10-66E0-4A1E-8ECD-21288DA8A3B1}
		{9A132C67-513D-4A35-BE6A-92FF6F964F64} = {E0E2E90E-F4DC-4333-A1C9-818110D592EF}
		{2E3CBD66-ECEE-42FC-B4D5-61AD7C4C0E51} = {B6E7CB10-66E0-4A1E-8ECD-21288DA8A3B1}
	EndGlobalSection
EndGlobal
