
Microsoft Visual Studio Solution File, Format Version 12.00
# Visual Studio 15
VisualStudioVersion = 15.0.27004.2010
MinimumVisualStudioVersion = 10.0.40219.1
Project("{8BC9CEB8-8B4A-11D0-8D11-00A0C91BC942}") = "BananaCore", "BananaCore\BananaCore.vcxproj", "{27A187C4-FB19-47E9-AFDF-E6E8CC5B7E18}"
EndProject
Project("{2150E333-8FDC-42A3-9474-1A3956D46DE8}") = "Banana", "Banana", "{B6E7CB10-66E0-4A1E-8ECD-21288DA8A3B1}"
EndProject
Project("{8BC9CEB8-8B4A-11D0-8D11-00A0C91BC942}") = "QtAppHelpers", "QtAppHelpers\QtAppHelpers.vcxproj", "{B6C7B2C3-8D99-32E8-B341-E6987697D653}"
EndProject
Project("{8BC9CEB8-8B4A-11D0-8D11-00A0C91BC942}") = "OpenGLHelpers", "OpenGLHelpers\OpenGLHelpers.vcxproj", "{EE17B865-E6AE-3FD8-81D1-A696DCB18EF5}"
EndProject
Project("{8BC9CEB8-8B4A-11D0-8D11-00A0C91BC942}") = "Simulation", "Simulation\Simulation.vcxproj", "{6278DD55-0398-42A5-A69F-FC9C3194F071}"
EndProject
Project("{8BC9CEB8-8B4A-11D0-8D11-00A0C91BC942}") = "RayTracing", "RayTracing\RayTracing.vcxproj", "{92376DFA-E300-4232-8D3B-D977B47AA69D}"
EndProject
Project("{8BC9CEB8-8B4A-11D0-8D11-00A0C91BC942}") = "MachineLearning", "MachineLearning\MachineLearning.vcxproj", "{1FED3057-BCBE-40DC-AD67-BDF8121DCB33}"
EndProject
Project("{8BC9CEB8-8B4A-11D0-8D11-00A0C91BC942}") = "UnitTest", "UnitTest\UnitTest.vcxproj", "{2E3CBD66-ECEE-42FC-B4D5-61AD7C4C0E51}"
	ProjectSection(ProjectDependencies) = postProject
		{6278DD55-0398-42A5-A69F-FC9C3194F071} = {6278DD55-0398-42A5-A69F-FC9C3194F071}
		{1FED3057-BCBE-40DC-AD67-BDF8121DCB33} = {1FED3057-BCBE-40DC-AD67-BDF8121DCB33}
		{EE17B865-E6AE-3FD8-81D1-A696DCB18EF5} = {EE17B865-E6AE-3FD8-81D1-A696DCB18EF5}
		{B6C7B2C3-8D99-32E8-B341-E6987697D653} = {B6C7B2C3-8D99-32E8-B341-E6987697D653}
		{27A187C4-FB19-47E9-AFDF-E6E8CC5B7E18} = {27A187C4-FB19-47E9-AFDF-E6E8CC5B7E18}
	EndProjectSection
EndProject
Project("{2150E333-8FDC-42A3-9474-1A3956D46DE8}") = "Applications", "Applications", "{1664A1C9-87AF-480B-925D-62135C5AB31A}"
EndProject
Project("{2150E333-8FDC-42A3-9474-1A3956D46DE8}") = "Sandbox", "Sandbox", "{3ECE78C2-2B6C-4CBE-98E6-B8E7161428A7}"
EndProject
Project("{8BC9CEB8-8B4A-11D0-8D11-00A0C91BC942}") = "Benchmark", "Sandbox\Benchmark\Benchmark.vcxproj", "{75339C38-D05A-4774-8B1B-69A3F49393FF}"
	ProjectSection(ProjectDependencies) = postProject
		{6278DD55-0398-42A5-A69F-FC9C3194F071} = {6278DD55-0398-42A5-A69F-FC9C3194F071}
		{27A187C4-FB19-47E9-AFDF-E6E8CC5B7E18} = {27A187C4-FB19-47E9-AFDF-E6E8CC5B7E18}
	EndProjectSection
EndProject
Project("{8BC9CEB8-8B4A-11D0-8D11-00A0C91BC942}") = "C++17", "Sandbox\C++17\C++17.vcxproj", "{B576A8F1-A341-4F93-A98D-74292A3B51D8}"
EndProject
Project("{8BC9CEB8-8B4A-11D0-8D11-00A0C91BC942}") = "SIMD", "Sandbox\SIMD\SIMD.vcxproj", "{A627F4CF-E20D-4C00-B9AE-BAE7A095506A}"
EndProject
Global
	GlobalSection(SolutionConfigurationPlatforms) = preSolution
		Debug|x64 = Debug|x64
		Release|x64 = Release|x64
		ReleaseStaticBuild|x64 = ReleaseStaticBuild|x64
	EndGlobalSection
	GlobalSection(ProjectConfigurationPlatforms) = postSolution
		{27A187C4-FB19-47E9-AFDF-E6E8CC5B7E18}.Debug|x64.ActiveCfg = Debug|x64
		{27A187C4-FB19-47E9-AFDF-E6E8CC5B7E18}.Debug|x64.Build.0 = Debug|x64
		{27A187C4-FB19-47E9-AFDF-E6E8CC5B7E18}.Release|x64.ActiveCfg = Release|x64
		{27A187C4-FB19-47E9-AFDF-E6E8CC5B7E18}.Release|x64.Build.0 = Release|x64
		{27A187C4-FB19-47E9-AFDF-E6E8CC5B7E18}.ReleaseStaticBuild|x64.ActiveCfg = ReleaseStaticBuild|x64
		{27A187C4-FB19-47E9-AFDF-E6E8CC5B7E18}.ReleaseStaticBuild|x64.Build.0 = ReleaseStaticBuild|x64
		{B6C7B2C3-8D99-32E8-B341-E6987697D653}.Debug|x64.ActiveCfg = Debug|x64
		{B6C7B2C3-8D99-32E8-B341-E6987697D653}.Debug|x64.Build.0 = Debug|x64
		{B6C7B2C3-8D99-32E8-B341-E6987697D653}.Release|x64.ActiveCfg = Release|x64
		{B6C7B2C3-8D99-32E8-B341-E6987697D653}.Release|x64.Build.0 = Release|x64
		{B6C7B2C3-8D99-32E8-B341-E6987697D653}.ReleaseStaticBuild|x64.ActiveCfg = ReleaseStaticBuild|x64
		{B6C7B2C3-8D99-32E8-B341-E6987697D653}.ReleaseStaticBuild|x64.Build.0 = ReleaseStaticBuild|x64
		{EE17B865-E6AE-3FD8-81D1-A696DCB18EF5}.Debug|x64.ActiveCfg = Debug|x64
		{EE17B865-E6AE-3FD8-81D1-A696DCB18EF5}.Debug|x64.Build.0 = Debug|x64
		{EE17B865-E6AE-3FD8-81D1-A696DCB18EF5}.Release|x64.ActiveCfg = Release|x64
		{EE17B865-E6AE-3FD8-81D1-A696DCB18EF5}.Release|x64.Build.0 = Release|x64
		{EE17B865-E6AE-3FD8-81D1-A696DCB18EF5}.ReleaseStaticBuild|x64.ActiveCfg = ReleaseStaticBuild|x64
		{EE17B865-E6AE-3FD8-81D1-A696DCB18EF5}.ReleaseStaticBuild|x64.Build.0 = ReleaseStaticBuild|x64
		{6278DD55-0398-42A5-A69F-FC9C3194F071}.Debug|x64.ActiveCfg = Debug|x64
		{6278DD55-0398-42A5-A69F-FC9C3194F071}.Debug|x64.Build.0 = Debug|x64
		{6278DD55-0398-42A5-A69F-FC9C3194F071}.Release|x64.ActiveCfg = Release|x64
		{6278DD55-0398-42A5-A69F-FC9C3194F071}.Release|x64.Build.0 = Release|x64
		{6278DD55-0398-42A5-A69F-FC9C3194F071}.ReleaseStaticBuild|x64.ActiveCfg = ReleaseStaticBuild|x64
		{6278DD55-0398-42A5-A69F-FC9C3194F071}.ReleaseStaticBuild|x64.Build.0 = ReleaseStaticBuild|x64
		{92376DFA-E300-4232-8D3B-D977B47AA69D}.Debug|x64.ActiveCfg = Debug|x64
		{92376DFA-E300-4232-8D3B-D977B47AA69D}.Debug|x64.Build.0 = Debug|x64
		{92376DFA-E300-4232-8D3B-D977B47AA69D}.Release|x64.ActiveCfg = Release|x64
		{92376DFA-E300-4232-8D3B-D977B47AA69D}.Release|x64.Build.0 = Release|x64
		{92376DFA-E300-4232-8D3B-D977B47AA69D}.ReleaseStaticBuild|x64.ActiveCfg = ReleaseStaticBuild|x64
		{92376DFA-E300-4232-8D3B-D977B47AA69D}.ReleaseStaticBuild|x64.Build.0 = ReleaseStaticBuild|x64
		{1FED3057-BCBE-40DC-AD67-BDF8121DCB33}.Debug|x64.ActiveCfg = Debug|x64
		{1FED3057-BCBE-40DC-AD67-BDF8121DCB33}.Debug|x64.Build.0 = Debug|x64
		{1FED3057-BCBE-40DC-AD67-BDF8121DCB33}.Release|x64.ActiveCfg = Release|x64
		{1FED3057-BCBE-40DC-AD67-BDF8121DCB33}.Release|x64.Build.0 = Release|x64
		{1FED3057-BCBE-40DC-AD67-BDF8121DCB33}.ReleaseStaticBuild|x64.ActiveCfg = ReleaseStaticBuild|x64
		{1FED3057-BCBE-40DC-AD67-BDF8121DCB33}.ReleaseStaticBuild|x64.Build.0 = ReleaseStaticBuild|x64
		{2E3CBD66-ECEE-42FC-B4D5-61AD7C4C0E51}.Debug|x64.ActiveCfg = Debug|x64
		{2E3CBD66-ECEE-42FC-B4D5-61AD7C4C0E51}.Debug|x64.Build.0 = Debug|x64
		{2E3CBD66-ECEE-42FC-B4D5-61AD7C4C0E51}.Release|x64.ActiveCfg = Release|x64
		{2E3CBD66-ECEE-42FC-B4D5-61AD7C4C0E51}.Release|x64.Build.0 = Release|x64
		{2E3CBD66-ECEE-42FC-B4D5-61AD7C4C0E51}.ReleaseStaticBuild|x64.ActiveCfg = ReleaseStaticBuild|x64
		{2E3CBD66-ECEE-42FC-B4D5-61AD7C4C0E51}.ReleaseStaticBuild|x64.Build.0 = ReleaseStaticBuild|x64
		{75339C38-D05A-4774-8B1B-69A3F49393FF}.Debug|x64.ActiveCfg = Debug|x64
		{75339C38-D05A-4774-8B1B-69A3F49393FF}.Debug|x64.Build.0 = Debug|x64
		{75339C38-D05A-4774-8B1B-69A3F49393FF}.Release|x64.ActiveCfg = Release|x64
		{75339C38-D05A-4774-8B1B-69A3F49393FF}.Release|x64.Build.0 = Release|x64
		{75339C38-D05A-4774-8B1B-69A3F49393FF}.ReleaseStaticBuild|x64.ActiveCfg = Release|x64
		{75339C38-D05A-4774-8B1B-69A3F49393FF}.ReleaseStaticBuild|x64.Build.0 = Release|x64
		{B576A8F1-A341-4F93-A98D-74292A3B51D8}.Debug|x64.ActiveCfg = Debug|x64
		{B576A8F1-A341-4F93-A98D-74292A3B51D8}.Debug|x64.Build.0 = Debug|x64
		{B576A8F1-A341-4F93-A98D-74292A3B51D8}.Release|x64.ActiveCfg = Release|x64
		{B576A8F1-A341-4F93-A98D-74292A3B51D8}.Release|x64.Build.0 = Release|x64
		{B576A8F1-A341-4F93-A98D-74292A3B51D8}.ReleaseStaticBuild|x64.ActiveCfg = Release|x64
		{B576A8F1-A341-4F93-A98D-74292A3B51D8}.ReleaseStaticBuild|x64.Build.0 = Release|x64
		{A627F4CF-E20D-4C00-B9AE-BAE7A095506A}.Debug|x64.ActiveCfg = Debug|x64
		{A627F4CF-E20D-4C00-B9AE-BAE7A095506A}.Debug|x64.Build.0 = Debug|x64
		{A627F4CF-E20D-4C00-B9AE-BAE7A095506A}.Release|x64.ActiveCfg = Release|x64
		{A627F4CF-E20D-4C00-B9AE-BAE7A095506A}.Release|x64.Build.0 = Release|x64
		{A627F4CF-E20D-4C00-B9AE-BAE7A095506A}.ReleaseStaticBuild|x64.ActiveCfg = Release|x64
		{A627F4CF-E20D-4C00-B9AE-BAE7A095506A}.ReleaseStaticBuild|x64.Build.0 = Release|x64
	EndGlobalSection
	GlobalSection(SolutionProperties) = preSolution
		HideSolutionNode = FALSE
	EndGlobalSection
	GlobalSection(NestedProjects) = preSolution
		{27A187C4-FB19-47E9-AFDF-E6E8CC5B7E18} = {B6E7CB10-66E0-4A1E-8ECD-21288DA8A3B1}
		{B6C7B2C3-8D99-32E8-B341-E6987697D653} = {B6E7CB10-66E0-4A1E-8ECD-21288DA8A3B1}
		{EE17B865-E6AE-3FD8-81D1-A696DCB18EF5} = {B6E7CB10-66E0-4A1E-8ECD-21288DA8A3B1}
		{6278DD55-0398-42A5-A69F-FC9C3194F071} = {B6E7CB10-66E0-4A1E-8ECD-21288DA8A3B1}
		{92376DFA-E300-4232-8D3B-D977B47AA69D} = {B6E7CB10-66E0-4A1E-8ECD-21288DA8A3B1}
		{1FED3057-BCBE-40DC-AD67-BDF8121DCB33} = {B6E7CB10-66E0-4A1E-8ECD-21288DA8A3B1}
		{2E3CBD66-ECEE-42FC-B4D5-61AD7C4C0E51} = {B6E7CB10-66E0-4A1E-8ECD-21288DA8A3B1}
		{75339C38-D05A-4774-8B1B-69A3F49393FF} = {3ECE78C2-2B6C-4CBE-98E6-B8E7161428A7}
		{B576A8F1-A341-4F93-A98D-74292A3B51D8} = {3ECE78C2-2B6C-4CBE-98E6-B8E7161428A7}
		{A627F4CF-E20D-4C00-B9AE-BAE7A095506A} = {3ECE78C2-2B6C-4CBE-98E6-B8E7161428A7}
	EndGlobalSection
	GlobalSection(ExtensibilityGlobals) = postSolution
		SolutionGuid = {681C5D9B-4B1C-45DB-96F3-B3E73BD59190}
	EndGlobalSection
	GlobalSection(Performance) = preSolution
		HasPerformanceSessions = true
	EndGlobalSection
EndGlobal
