<?xml version="1.0" encoding="utf-8"?>
<Project ToolsVersion="4.0" xmlns="http://schemas.microsoft.com/developer/msbuild/2003">
  <ItemGroup>
    <Filter Include="Source Files">
      <UniqueIdentifier>{4FC737F1-C7A5-4376-A066-2A32D752A2FF}</UniqueIdentifier>
      <Extensions>cpp;c;cc;cxx;def;odl;idl;hpj;bat;asm;asmx</Extensions>
    </Filter>
    <Filter Include="Header Files">
      <UniqueIdentifier>{93995380-89BD-4b04-88EB-625FBE52EBFB}</UniqueIdentifier>
      <Extensions>h;hh;hpp;hxx;hm;inl;inc;xsd</Extensions>
    </Filter>
    <Filter Include="Resource Files">
      <UniqueIdentifier>{67DA6AB6-F800-4c08-8B7A-83BB121AAD01}</UniqueIdentifier>
      <Extensions>rc;ico;cur;bmp;dlg;rc2;rct;bin;rgs;gif;jpg;jpeg;jpe;resx;tiff;tif;png;wav;mfcribbon-ms</Extensions>
    </Filter>
  </ItemGroup>
  <ItemGroup>
    <None Include="Simulation.licenseheader" />
  </ItemGroup>
  <ItemGroup>
    <ClInclude Include="Include\ParticleTools\ParticleSamplers\BowlSampler.h">
      <Filter>Header Files</Filter>
    </ClInclude>
    <ClInclude Include="Include\ParticleTools\ParticleSamplers\BoxSampler.h">
      <Filter>Header Files</Filter>
    </ClInclude>
    <ClInclude Include="Include\ParticleTools\ParticleSamplers\CylinderSampler.h">
      <Filter>Header Files</Filter>
    </ClInclude>
    <ClInclude Include="Include\ParticleTools\ParticleSamplers\HollowSphereSampler.h">
      <Filter>Header Files</Filter>
    </ClInclude>
    <ClInclude Include="Include\ParticleTools\ParticleSamplers\MeshObjSampler.h">
      <Filter>Header Files</Filter>
    </ClInclude>
    <ClInclude Include="Include\ParticleTools\ParticleSamplers\ParticleSampler.h">
      <Filter>Header Files</Filter>
    </ClInclude>
    <ClInclude Include="Include\ParticleTools\ParticleSamplers\SphereSampler.h">
      <Filter>Header Files</Filter>
    </ClInclude>
    <ClInclude Include="Include\ParticleTools\ParticleSamplers\TorusSampler.h">
      <Filter>Header Files</Filter>
    </ClInclude>
    <ClInclude Include="Include\ParticleTools\BlueNoiseRelaxation\LloydRelaxation.h">
      <Filter>Header Files</Filter>
    </ClInclude>
    <ClInclude Include="Include\ParticleTools\BlueNoiseRelaxation\SPHRelaxation.h">
      <Filter>Header Files</Filter>
    </ClInclude>
    <ClInclude Include="Include\ParticleTools\ParticleEmitters\BoxEmitter.h">
      <Filter>Header Files</Filter>
    </ClInclude>
    <ClInclude Include="Include\ParticleTools\ParticleEmitters\CylinderEmitter.h">
      <Filter>Header Files</Filter>
    </ClInclude>
    <ClInclude Include="Include\ParticleTools\ParticleEmitters\HollowSphereEmitter.h">
      <Filter>Header Files</Filter>
    </ClInclude>
    <ClInclude Include="Include\ParticleTools\ParticleEmitters\MeshObjEmitter.h">
      <Filter>Header Files</Filter>
    </ClInclude>
    <ClInclude Include="Include\ParticleTools\ParticleEmitters\ParticleEmitter.h">
      <Filter>Header Files</Filter>
    </ClInclude>
    <ClInclude Include="Include\ParticleTools\ParticleEmitters\SphereEmitter.h">
      <Filter>Header Files</Filter>
    </ClInclude>
    <ClInclude Include="Include\ParticleTools\ParticleEmitters\TorusEmitter.h">
      <Filter>Header Files</Filter>
    </ClInclude>
    <ClInclude Include="Include\ParticleTools\ParticleHelpers.h">
      <Filter>Header Files</Filter>
    </ClInclude>
    <ClInclude Include="Include\FluidSolvers\FluidSolver.h">
      <Filter>Header Files</Filter>
    </ClInclude>
    <ClInclude Include="Include\FluidSolvers\SPHSolver2D.h">
      <Filter>Header Files</Filter>
    </ClInclude>
    <ClInclude Include="Include\FluidSolvers\SPHSolver2D_Imp.hpp">
      <Filter>Header Files</Filter>
    </ClInclude>
    <ClInclude Include="Include\FluidSolvers\SPHSolver3D.h">
      <Filter>Header Files</Filter>
    </ClInclude>
    <ClInclude Include="Include\FluidSolvers\SPHSolver3D_Imp.hpp">
      <Filter>Header Files</Filter>
    </ClInclude>
    <ClInclude Include="Include\FluidSolvers\FLIP2D.h">
      <Filter>Header Files</Filter>
    </ClInclude>
    <ClInclude Include="Include\FluidSolvers\FLIP2D_Imp.hpp">
      <Filter>Header Files</Filter>
    </ClInclude>
    <ClInclude Include="Include\FluidSolvers\FLIP3D.h">
      <Filter>Header Files</Filter>
    </ClInclude>
    <ClInclude Include="Include\FluidSolvers\FLIP3D_Imp.hpp">
      <Filter>Header Files</Filter>
    </ClInclude>
    <ClInclude Include="Include\FluidSolvers\PCISPHSolver2D.h">
      <Filter>Header Files</Filter>
    </ClInclude>
    <ClInclude Include="Include\FluidSolvers\PCISPHSolver2D_Imp.hpp">
      <Filter>Header Files</Filter>
    </ClInclude>
    <ClInclude Include="Include\FluidSolvers\PCISPHSolver3D.h">
      <Filter>Header Files</Filter>
    </ClInclude>
    <ClInclude Include="Include\FluidSolvers\PCISPHSolver3D_Imp.hpp">
      <Filter>Header Files</Filter>
    </ClInclude>
    <ClInclude Include="Include\FluidSolvers\AnisotropyKernel.h">
      <Filter>Header Files</Filter>
    </ClInclude>
    <ClInclude Include="Include\FluidSolvers\AnisotropyKernel_Imp.hpp">
      <Filter>Header Files</Filter>
    </ClInclude>
    <ClInclude Include="Include\Grid\GridHelpers.h">
      <Filter>Header Files</Filter>
    </ClInclude>
    <ClInclude Include="Include\Grid\Grid2D.h">
      <Filter>Header Files</Filter>
    </ClInclude>
    <ClInclude Include="Include\Grid\Grid3D.h">
      <Filter>Header Files</Filter>
    </ClInclude>
    <ClInclude Include="Include\Grid\Grid2D_Impl.hpp">
      <Filter>Header Files</Filter>
    </ClInclude>
    <ClInclude Include="Include\Grid\Grid3D_Impl.hpp">
      <Filter>Header Files</Filter>
    </ClInclude>
    <ClInclude Include="Include\ParticleTools\BlueNoiseRelaxation\LloydRelaxation_Impl.hpp">
      <Filter>Header Files</Filter>
    </ClInclude>
  </ItemGroup>
</Project>