<?xml version="1.0" encoding="utf-8"?>
<Project ToolsVersion="4.0" xmlns="http://schemas.microsoft.com/developer/msbuild/2003">
  <ItemGroup>
    <Filter Include="Source Files">
      <UniqueIdentifier>{4FC737F1-C7A5-4376-A066-2A32D752A2FF}</UniqueIdentifier>
      <Extensions>cpp;c;cc;cxx;def;odl;idl;hpj;bat;asm;asmx</Extensions>
    </Filter>
    <Filter Include="Header Files">
      <UniqueIdentifier>{93995380-89BD-4b04-88EB-625FBE52EBFB}</UniqueIdentifier>
      <Extensions>h;hh;hpp;hxx;hm;inl;inc;xsd</Extensions>
    </Filter>
    <Filter Include="Resource Files">
      <UniqueIdentifier>{67DA6AB6-F800-4c08-8B7A-83BB121AAD01}</UniqueIdentifier>
      <Extensions>rc;ico;cur;bmp;dlg;rc2;rct;bin;rgs;gif;jpg;jpeg;jpe;resx;tiff;tif;png;wav;mfcribbon-ms</Extensions>
    </Filter>
  </ItemGroup>
  <ItemGroup>
    <None Include="Simulation.licenseheader" />
  </ItemGroup>
  <ItemGroup>
    <ClInclude Include="ParticleSolvers\MPM\MPMMaterial.h">
      <Filter>Header Files</Filter>
    </ClInclude>
    <ClInclude Include="ParticleSolvers\MPM\MPMMaterial.hpp">
      <Filter>Header Files</Filter>
    </ClInclude>
    <ClInclude Include="ParticleSolvers\MPM\TimeIntegration.h">
      <Filter>Header Files</Filter>
    </ClInclude>
    <ClInclude Include="ParticleSolvers\MPM.bk\MPMData.h">
      <Filter>Header Files</Filter>
    </ClInclude>
    <ClInclude Include="ParticleSolvers\MPM.bk\MPMMaterial.h">
      <Filter>Header Files</Filter>
    </ClInclude>
    <ClInclude Include="ParticleSolvers\MPM.bk\MPMMaterial.hpp">
      <Filter>Header Files</Filter>
    </ClInclude>
    <ClInclude Include="ParticleSolvers\MPM.bk\MPMSolver.h">
      <Filter>Header Files</Filter>
    </ClInclude>
    <ClInclude Include="ParticleSolvers\MPM.bk\MPMSolver.hpp">
      <Filter>Header Files</Filter>
    </ClInclude>
    <ClInclude Include="ParticleSolvers\MPM.bk\ShapeFunctions.h">
      <Filter>Header Files</Filter>
    </ClInclude>
    <ClInclude Include="ParticleSolvers\MPM.bk\TimeIntegration.h">
      <Filter>Header Files</Filter>
    </ClInclude>
    <ClInclude Include="ParticleSolvers\SPH\KernelFunctions.h">
      <Filter>Header Files</Filter>
    </ClInclude>
    <ClInclude Include="ParticleSolvers\ParticleSolver.h">
      <Filter>Header Files</Filter>
    </ClInclude>
    <ClInclude Include="ParticleSolvers\ParticleSolverData.h">
      <Filter>Header Files</Filter>
    </ClInclude>
    <ClInclude Include="ParticleTools\ParticleHelpers.h">
      <Filter>Header Files</Filter>
    </ClInclude>
    <ClInclude Include="ParticleTools\ParticleHelpers.hpp">
      <Filter>Header Files</Filter>
    </ClInclude>
    <ClInclude Include="ParticleTools\PoissonDiskSampler.h">
      <Filter>Header Files</Filter>
    </ClInclude>
    <ClInclude Include="SimulationObjects\BoundaryObject.h">
      <Filter>Header Files</Filter>
    </ClInclude>
    <ClInclude Include="SimulationObjects\BoundaryObject.hpp">
      <Filter>Header Files</Filter>
    </ClInclude>
    <ClInclude Include="SurfaceReconstruction\AniKernelGenerator.h">
      <Filter>Header Files</Filter>
    </ClInclude>
    <ClInclude Include="SurfaceReconstruction\MarchingCube.h">
      <Filter>Header Files</Filter>
    </ClInclude>
    <ClInclude Include="ParticleTools\ParticleSerialization.h">
      <Filter>Header Files</Filter>
    </ClInclude>
    <ClInclude Include="ParticleTools\ParticleSerialization.hpp">
      <Filter>Header Files</Filter>
    </ClInclude>
    <ClInclude Include="ParticleTools\ParticleSerialization.Test.hpp">
      <Filter>Header Files</Filter>
    </ClInclude>
    <ClInclude Include="SimulationObjects\ParticleRemover.h">
      <Filter>Header Files</Filter>
    </ClInclude>
    <ClInclude Include="SimulationObjects\ParticleGenerator.h">
      <Filter>Header Files</Filter>
    </ClInclude>
    <ClInclude Include="SimulationObjects\SimulationObject.h">
      <Filter>Header Files</Filter>
    </ClInclude>
    <ClInclude Include="ParticleSolvers\MPM\ShapeFunctions.h">
      <Filter>Header Files</Filter>
    </ClInclude>
    <ClInclude Include="Optimization\LBFGSSolver.h">
      <Filter>Header Files</Filter>
    </ClInclude>
    <ClInclude Include="Optimization\MoreThuente.h">
      <Filter>Header Files</Filter>
    </ClInclude>
    <ClInclude Include="Optimization\Problem.h">
      <Filter>Header Files</Filter>
    </ClInclude>
    <ClInclude Include="ParticleSolvers\ParticleSolverFactory.h">
      <Filter>Header Files</Filter>
    </ClInclude>
    <ClInclude Include="SimulationObjects\HairObjectGenerator.h">
      <Filter>Header Files</Filter>
    </ClInclude>
    <ClInclude Include="ParticleSolvers\SPH\WCSPH_Solver.h">
      <Filter>Header Files</Filter>
    </ClInclude>
    <ClInclude Include="ParticleSolvers\SPH\WCSPH_Solver.hpp">
      <Filter>Header Files</Filter>
    </ClInclude>
    <ClInclude Include="ParticleSolvers\SPH\SPH_Data.h">
      <Filter>Header Files</Filter>
    </ClInclude>
    <ClInclude Include="ParticleSolvers\SPH\SPH_Data.hpp">
      <Filter>Header Files</Filter>
    </ClInclude>
    <ClInclude Include="ParticleSolvers\ParticleSolverData.hpp">
      <Filter>Header Files</Filter>
    </ClInclude>
    <ClInclude Include="SimulationObjects\SimulationObject.hpp">
      <Filter>Header Files</Filter>
    </ClInclude>
    <ClInclude Include="SimulationObjects\ParticleGenerator.hpp">
      <Filter>Header Files</Filter>
    </ClInclude>
    <ClInclude Include="SimulationObjects\ParticleRemover.hpp">
      <Filter>Header Files</Filter>
    </ClInclude>
    <ClInclude Include="ParticleSolvers\ParticleSolver.hpp">
      <Filter>Header Files</Filter>
    </ClInclude>
    <ClInclude Include="ParticleSolvers\MPM\MPM_Data.h">
      <Filter>Header Files</Filter>
    </ClInclude>
    <ClInclude Include="ParticleSolvers\MPM\MPM_Data.hpp">
      <Filter>Header Files</Filter>
    </ClInclude>
    <ClInclude Include="ParticleSolvers\MPM\MPM_Solver.h">
      <Filter>Header Files</Filter>
    </ClInclude>
    <ClInclude Include="ParticleSolvers\MPM\MPM_Solver.hpp">
      <Filter>Header Files</Filter>
    </ClInclude>
    <ClInclude Include="ParticleSolvers\MPM\HairMPM_Solver.h">
      <Filter>Header Files</Filter>
    </ClInclude>
    <ClInclude Include="ParticleSolvers\MPM\HairMPM_Solver.hpp">
      <Filter>Header Files</Filter>
    </ClInclude>
    <ClInclude Include="ParticleSolvers\MPM\HairMPM_Data.h">
      <Filter>Header Files</Filter>
    </ClInclude>
    <ClInclude Include="ParticleSolvers\MPM\HairMPM_Data.hpp">
      <Filter>Header Files</Filter>
    </ClInclude>
    <ClInclude Include="SurfaceReconstruction\AniKernelGenerator.hpp">
      <Filter>Header Files</Filter>
    </ClInclude>
    <ClInclude Include="ParticleSolvers\MassSpringSystems\Cloth_Solver.h">
      <Filter>Header Files</Filter>
    </ClInclude>
    <ClInclude Include="ParticleSolvers\MassSpringSystems\Cloth_Solver.hpp">
      <Filter>Header Files</Filter>
    </ClInclude>
    <ClInclude Include="ParticleSolvers\MPM\Snow_Solver.h">
      <Filter>Header Files</Filter>
    </ClInclude>
    <ClInclude Include="ParticleSolvers\MPM\Snow_Solver.hpp">
      <Filter>Header Files</Filter>
    </ClInclude>
    <ClInclude Include="ParticleSolvers\MPM\Snow_Data.h">
      <Filter>Header Files</Filter>
    </ClInclude>
    <ClInclude Include="ParticleSolvers\MPM\Snow_Data.hpp">
      <Filter>Header Files</Filter>
    </ClInclude>
    <ClInclude Include="ParticleSolvers\MassSpringSystems\Cloth_Data.h">
      <Filter>Header Files</Filter>
    </ClInclude>
    <ClInclude Include="ParticleSolvers\MassSpringSystems\Cloth_Data.hpp">
      <Filter>Header Files</Filter>
    </ClInclude>
    <ClInclude Include="ParticleSolvers\MassSpringSystems\Peridynamics_Data.h">
      <Filter>Header Files</Filter>
    </ClInclude>
    <ClInclude Include="ParticleSolvers\MassSpringSystems\Peridynamics_Data.hpp">
      <Filter>Header Files</Filter>
    </ClInclude>
    <ClInclude Include="ParticleSolvers\PICFluid\AFLIP_Data.h">
      <Filter>Header Files</Filter>
    </ClInclude>
    <ClInclude Include="ParticleSolvers\PICFluid\AFLIP_Solver.h">
      <Filter>Header Files</Filter>
    </ClInclude>
    <ClInclude Include="ParticleSolvers\PICFluid\AFLIP_Solver.hpp">
      <Filter>Header Files</Filter>
    </ClInclude>
    <ClInclude Include="ParticleSolvers\PICFluid\APIC_Data.h">
      <Filter>Header Files</Filter>
    </ClInclude>
    <ClInclude Include="ParticleSolvers\PICFluid\APIC_Data.hpp">
      <Filter>Header Files</Filter>
    </ClInclude>
    <ClInclude Include="ParticleSolvers\PICFluid\APIC_Solver.h">
      <Filter>Header Files</Filter>
    </ClInclude>
    <ClInclude Include="ParticleSolvers\PICFluid\APIC_Solver.hpp">
      <Filter>Header Files</Filter>
    </ClInclude>
    <ClInclude Include="ParticleSolvers\PICFluid\FLIP_Data.h">
      <Filter>Header Files</Filter>
    </ClInclude>
    <ClInclude Include="ParticleSolvers\PICFluid\FLIP_Solver.h">
      <Filter>Header Files</Filter>
    </ClInclude>
    <ClInclude Include="ParticleSolvers\PICFluid\FLIP_Solver.hpp">
      <Filter>Header Files</Filter>
    </ClInclude>
    <ClInclude Include="ParticleSolvers\PICFluid\NarrowBandFLIP_Solver.h">
      <Filter>Header Files</Filter>
    </ClInclude>
    <ClInclude Include="ParticleSolvers\PICFluid\NarrowBandFLIP_Solver.hpp">
      <Filter>Header Files</Filter>
    </ClInclude>
    <ClInclude Include="ParticleSolvers\PICFluid\PIC_Data.h">
      <Filter>Header Files</Filter>
    </ClInclude>
    <ClInclude Include="ParticleSolvers\PICFluid\PIC_Data.hpp">
      <Filter>Header Files</Filter>
    </ClInclude>
    <ClInclude Include="ParticleSolvers\PICFluid\PIC_Solver.h">
      <Filter>Header Files</Filter>
    </ClInclude>
    <ClInclude Include="ParticleSolvers\PICFluid\PIC_Solver.hpp">
      <Filter>Header Files</Filter>
    </ClInclude>
    <ClInclude Include="ParticleSolvers\MassSpringSystems\MSS_Data.h">
      <Filter>Header Files</Filter>
    </ClInclude>
    <ClInclude Include="ParticleSolvers\MassSpringSystems\MSS_Data.hpp">
      <Filter>Header Files</Filter>
    </ClInclude>
    <ClInclude Include="ParticleSolvers\MassSpringSystems\MSS_Solver.h">
      <Filter>Header Files</Filter>
    </ClInclude>
    <ClInclude Include="ParticleSolvers\MassSpringSystems\MSS_Solver.hpp">
      <Filter>Header Files</Filter>
    </ClInclude>
    <ClInclude Include="ParticleSolvers\MassSpringSystems\Peridynamics_Solver.h">
      <Filter>Header Files</Filter>
    </ClInclude>
    <ClInclude Include="ParticleSolvers\MassSpringSystems\Peridynamics_Solver.hpp">
      <Filter>Header Files</Filter>
    </ClInclude>
    <ClInclude Include="ParticleSolvers\Macros.h">
      <Filter>Header Files</Filter>
    </ClInclude>
    <ClInclude Include="ParticleTools\SPHBasedRelaxation.h">
      <Filter>Header Files</Filter>
    </ClInclude>
    <ClInclude Include="ParticleTools\SPHBasedRelaxation.hpp">
      <Filter>Header Files</Filter>
    </ClInclude>
  </ItemGroup>
  <ItemGroup>
    <ClCompile Include="ParticleTools\_ParticleTools.Test.cpp">
      <Filter>Source Files</Filter>
    </ClCompile>
    <ClCompile Include="ParticleTools\ParticleHelpers.cpp">
      <Filter>Source Files</Filter>
    </ClCompile>
    <ClCompile Include="SurfaceReconstruction\_SurfaceReconstruction.Test.cpp">
      <Filter>Source Files</Filter>
    </ClCompile>
    <ClCompile Include="SurfaceReconstruction\AniKernelGenerator.cpp">
      <Filter>Source Files</Filter>
    </ClCompile>
    <ClCompile Include="SurfaceReconstruction\MarchingCube.cpp">
      <Filter>Source Files</Filter>
    </ClCompile>
    <ClCompile Include="ParticleTools\ParticleSerialization.cpp">
      <Filter>Source Files</Filter>
    </ClCompile>
    <ClCompile Include="ParticleSolvers\ParticleSolvers.cpp">
      <Filter>Source Files</Filter>
    </ClCompile>
  </ItemGroup>
</Project>