<?xml version="1.0" encoding="utf-8"?>
<Project ToolsVersion="4.0" xmlns="http://schemas.microsoft.com/developer/msbuild/2003">
  <ItemGroup>
    <Filter Include="Source Files">
      <UniqueIdentifier>{4FC737F1-C7A5-4376-A066-2A32D752A2FF}</UniqueIdentifier>
      <Extensions>cpp;c;cc;cxx;def;odl;idl;hpj;bat;asm;asmx</Extensions>
    </Filter>
    <Filter Include="Header Files">
      <UniqueIdentifier>{93995380-89BD-4b04-88EB-625FBE52EBFB}</UniqueIdentifier>
      <Extensions>h;hh;hpp;hxx;hm;inl;inc;xsd</Extensions>
    </Filter>
    <Filter Include="Resource Files">
      <UniqueIdentifier>{67DA6AB6-F800-4c08-8B7A-83BB121AAD01}</UniqueIdentifier>
      <Extensions>rc;ico;cur;bmp;dlg;rc2;rct;bin;rgs;gif;jpg;jpeg;jpe;resx;tiff;tif;png;wav;mfcribbon-ms</Extensions>
    </Filter>
  </ItemGroup>
  <ItemGroup>
    <None Include="BananaCore.licenseheader" />
  </ItemGroup>
  <ItemGroup>
    <ClInclude Include="Banana\Array\ArrayHelpers.h">
      <Filter>Header Files</Filter>
    </ClInclude>
    <ClInclude Include="Banana\Array\SparseArray3.h">
      <Filter>Header Files</Filter>
    </ClInclude>
    <ClInclude Include="Banana\Data\DataIO.h">
      <Filter>Header Files</Filter>
    </ClInclude>
    <ClInclude Include="Banana\Data\DataPrinter.h">
      <Filter>Header Files</Filter>
    </ClInclude>
    <ClInclude Include="Banana\Data\ParameterManager.h">
      <Filter>Header Files</Filter>
    </ClInclude>
    <ClInclude Include="Banana\Data\ParticleSystemData.h">
      <Filter>Header Files</Filter>
    </ClInclude>
    <ClInclude Include="Banana\Geometry\KdTree.h">
      <Filter>Header Files</Filter>
    </ClInclude>
    <ClInclude Include="Banana\Geometry\MeshLoader.h">
      <Filter>Header Files</Filter>
    </ClInclude>
    <ClInclude Include="Banana\Grid\GridHelpers.h">
      <Filter>Header Files</Filter>
    </ClInclude>
    <ClInclude Include="Banana\LinearAlgebra\LinearSolvers\BlockPCGSolver.h">
      <Filter>Header Files</Filter>
    </ClInclude>
    <ClInclude Include="Banana\LinearAlgebra\LinearSolvers\BlockPCGSolver.Impl.hpp">
      <Filter>Header Files</Filter>
    </ClInclude>
    <ClInclude Include="Banana\LinearAlgebra\LinearSolvers\PCGSolver.h">
      <Filter>Header Files</Filter>
    </ClInclude>
    <ClInclude Include="Banana\LinearAlgebra\SparseMatrix\BlockSparseMatrix.h">
      <Filter>Header Files</Filter>
    </ClInclude>
    <ClInclude Include="Banana\LinearAlgebra\SparseMatrix\BlockSparseMatrix.Impl.hpp">
      <Filter>Header Files</Filter>
    </ClInclude>
    <ClInclude Include="Banana\LinearAlgebra\SparseMatrix\SparseMatrix.h">
      <Filter>Header Files</Filter>
    </ClInclude>
    <ClInclude Include="Banana\LinearAlgebra\_LinearAlgebra.Test.hpp">
      <Filter>Header Files</Filter>
    </ClInclude>
    <ClInclude Include="Banana\ParallelHelpers\_ParallelHelpers.Test.hpp">
      <Filter>Header Files</Filter>
    </ClInclude>
    <ClInclude Include="Banana\ParallelHelpers\ParallelBLAS.h">
      <Filter>Header Files</Filter>
    </ClInclude>
    <ClInclude Include="Banana\ParallelHelpers\ParallelFuncs.h">
      <Filter>Header Files</Filter>
    </ClInclude>
    <ClInclude Include="Banana\ParallelHelpers\ParallelObjects.h">
      <Filter>Header Files</Filter>
    </ClInclude>
    <ClInclude Include="Banana\ParallelHelpers\ParallelSTL.h">
      <Filter>Header Files</Filter>
    </ClInclude>
    <ClInclude Include="Banana\System\CallStack.h">
      <Filter>Header Files</Filter>
    </ClInclude>
    <ClInclude Include="Banana\System\MemoryUsage.h">
      <Filter>Header Files</Filter>
    </ClInclude>
    <ClInclude Include="Banana\Utils\AppConfigReader.h">
      <Filter>Header Files</Filter>
    </ClInclude>
    <ClInclude Include="Banana\Utils\CommandLineParser.h">
      <Filter>Header Files</Filter>
    </ClInclude>
    <ClInclude Include="Banana\Utils\FileHelpers.h">
      <Filter>Header Files</Filter>
    </ClInclude>
    <ClInclude Include="Banana\Utils\JSONHelpers.h">
      <Filter>Header Files</Filter>
    </ClInclude>
    <ClInclude Include="Banana\Utils\Logger.h">
      <Filter>Header Files</Filter>
    </ClInclude>
    <ClInclude Include="Banana\Utils\MathHelpers.h">
      <Filter>Header Files</Filter>
    </ClInclude>
    <ClInclude Include="Banana\Utils\NumberHelpers.h">
      <Filter>Header Files</Filter>
    </ClInclude>
    <ClInclude Include="Banana\Utils\STLHelpers.h">
      <Filter>Header Files</Filter>
    </ClInclude>
    <ClInclude Include="Banana\Utils\Timer.h">
      <Filter>Header Files</Filter>
    </ClInclude>
    <ClInclude Include="Banana\Macros.h">
      <Filter>Header Files</Filter>
    </ClInclude>
    <ClInclude Include="Banana\Setup.h">
      <Filter>Header Files</Filter>
    </ClInclude>
    <ClInclude Include="Banana\NeighborSearch\Morton\Morton.h">
      <Filter>Header Files</Filter>
    </ClInclude>
    <ClInclude Include="Banana\NeighborSearch\Morton\Morton_BMI.h">
      <Filter>Header Files</Filter>
    </ClInclude>
    <ClInclude Include="Banana\NeighborSearch\Morton\Morton_Common.h">
      <Filter>Header Files</Filter>
    </ClInclude>
    <ClInclude Include="Banana\NeighborSearch\Morton\Morton_LUT_generators.h">
      <Filter>Header Files</Filter>
    </ClInclude>
    <ClInclude Include="Banana\NeighborSearch\Morton\Morton2D.h">
      <Filter>Header Files</Filter>
    </ClInclude>
    <ClInclude Include="Banana\NeighborSearch\Morton\Morton2D_LUTs.h">
      <Filter>Header Files</Filter>
    </ClInclude>
    <ClInclude Include="Banana\NeighborSearch\Morton\Morton3D.h">
      <Filter>Header Files</Filter>
    </ClInclude>
    <ClInclude Include="Banana\NeighborSearch\Morton\Morton3D_LUTs.h">
      <Filter>Header Files</Filter>
    </ClInclude>
    <ClInclude Include="Banana\NeighborSearch\DataStructures.h">
      <Filter>Header Files</Filter>
    </ClInclude>
    <ClInclude Include="Banana\NeighborSearch\PointSet.h">
      <Filter>Header Files</Filter>
    </ClInclude>
    <ClInclude Include="Banana\Array\Array.h">
      <Filter>Header Files</Filter>
    </ClInclude>
    <ClInclude Include="Banana\Geometry\GeometryObjectFactory.h">
      <Filter>Header Files</Filter>
    </ClInclude>
    <ClInclude Include="Banana\NeighborSearch\NeighborSearch3D.h">
      <Filter>Header Files</Filter>
    </ClInclude>
    <ClInclude Include="Banana\Grid\Grid.h">
      <Filter>Header Files</Filter>
    </ClInclude>
    <ClInclude Include="Banana\Grid\Grid.Impl.hpp">
      <Filter>Header Files</Filter>
    </ClInclude>
    <ClInclude Include="Banana\Grid\_Grid.Test.hpp">
      <Filter>Header Files</Filter>
    </ClInclude>
    <ClInclude Include="Banana\LinearAlgebra\ImplicitQRSVD.h">
      <Filter>Header Files</Filter>
    </ClInclude>
    <ClInclude Include="Banana\LinearAlgebra\_SVD.Test.hpp">
      <Filter>Header Files</Filter>
    </ClInclude>
    <ClInclude Include="Banana\LinearAlgebra\LinaHelpers.h">
      <Filter>Header Files</Filter>
    </ClInclude>
    <ClInclude Include="Banana\Geometry\OBJLoader.h">
      <Filter>Header Files</Filter>
    </ClInclude>
    <ClInclude Include="Banana\NeighborSearch\NeighborSearch3D.Test.hpp">
      <Filter>Header Files</Filter>
    </ClInclude>
    <ClInclude Include="Banana\Geometry\GeometryObjects.h">
      <Filter>Header Files</Filter>
    </ClInclude>
    <ClInclude Include="Banana\Geometry\GeometryObjects.Impl.hpp">
      <Filter>Header Files</Filter>
    </ClInclude>
    <ClInclude Include="Banana\LinearAlgebra\SparseMatrix\SparseMatrix.Impl.hpp">
      <Filter>Header Files</Filter>
    </ClInclude>
    <ClInclude Include="Banana\LinearAlgebra\LinearSolvers\PCGSolver.Impl.hpp">
      <Filter>Header Files</Filter>
    </ClInclude>
    <ClInclude Include="Banana\Animation\CubicSpline.h">
      <Filter>Header Files</Filter>
    </ClInclude>
    <ClInclude Include="Banana\Animation\Animation.h">
      <Filter>Header Files</Filter>
    </ClInclude>
    <ClInclude Include="Banana\Animation\CubicSpline.Impl.hpp">
      <Filter>Header Files</Filter>
    </ClInclude>
    <ClInclude Include="Banana\Data\DataBuffer.h">
      <Filter>Header Files</Filter>
    </ClInclude>
  </ItemGroup>
  <ItemGroup>
    <ClCompile Include="Banana\Geometry\KdTree.cpp">
      <Filter>Source Files</Filter>
    </ClCompile>
    <ClCompile Include="Banana\Utils\Logger.cpp">
      <Filter>Source Files</Filter>
    </ClCompile>
    <ClCompile Include="Banana\CompileMessage.cpp">
      <Filter>Source Files</Filter>
    </ClCompile>
    <ClCompile Include="Banana\NeighborSearch\NeighborSearch3D.cpp">
      <Filter>Source Files</Filter>
    </ClCompile>
    <ClCompile Include="Banana\Geometry\MeshLoader.cpp">
      <Filter>Source Files</Filter>
    </ClCompile>
  </ItemGroup>
</Project>